// !$*UTF8*$!
{
	archiveVersion = 1;
	classes = {
	};
	objectVersion = 46;
	objects = {

/* Begin PBXBuildFile section */
		0451611E9933FDA98F22AA50 /* Pods_Salsette.framework in Frameworks */ = {isa = PBXBuildFile; fileRef = E4A7EBEAF4AC4F4083A3DDE9 /* Pods_Salsette.framework */; };
		1033E52B1E7589BA002D1615 /* Calendar.swift in Sources */ = {isa = PBXBuildFile; fileRef = 1033E52A1E7589BA002D1615 /* Calendar.swift */; };
		1033E5301E75A9DF002D1615 /* AddPopoverViewController.swift in Sources */ = {isa = PBXBuildFile; fileRef = 1033E52D1E75A9DF002D1615 /* AddPopoverViewController.swift */; };
		1033E5311E75A9DF002D1615 /* MenuViewContoller.swift in Sources */ = {isa = PBXBuildFile; fileRef = 1033E52E1E75A9DF002D1615 /* MenuViewContoller.swift */; };
		1033E5361E75AA04002D1615 /* TabItem.swift in Sources */ = {isa = PBXBuildFile; fileRef = 1033E5351E75AA04002D1615 /* TabItem.swift */; };
		1033E53A1E75AA11002D1615 /* ControllersProvider.swift in Sources */ = {isa = PBXBuildFile; fileRef = 1033E5381E75AA11002D1615 /* ControllersProvider.swift */; };
		1033E53B1E75AA11002D1615 /* TabItemsProvider.swift in Sources */ = {isa = PBXBuildFile; fileRef = 1033E5391E75AA11002D1615 /* TabItemsProvider.swift */; };
		1033E53F1E75AA23002D1615 /* ExampleTableViewCell.swift in Sources */ = {isa = PBXBuildFile; fileRef = 1033E53D1E75AA23002D1615 /* ExampleTableViewCell.swift */; };
		1033E5401E75AA23002D1615 /* ExampleTableViewCell.xib in Resources */ = {isa = PBXBuildFile; fileRef = 1033E53E1E75AA23002D1615 /* ExampleTableViewCell.xib */; };
		1033E5421E75AA8E002D1615 /* MenuAssets.xcassets in Resources */ = {isa = PBXBuildFile; fileRef = 1033E5411E75AA8E002D1615 /* MenuAssets.xcassets */; };
		1033E5441E75AAB3002D1615 /* UIFont+Zeplin.swift in Sources */ = {isa = PBXBuildFile; fileRef = 1033E5431E75AAB3002D1615 /* UIFont+Zeplin.swift */; };
		1033E54B1E75AB21002D1615 /* Main.storyboard in Resources */ = {isa = PBXBuildFile; fileRef = 1033E54A1E75AB21002D1615 /* Main.storyboard */; };
		1033E54D1E75C5BB002D1615 /* SideMenuViewController.swift in Sources */ = {isa = PBXBuildFile; fileRef = 1033E54C1E75C5BB002D1615 /* SideMenuViewController.swift */; };
		1033E5521E75C7AA002D1615 /* UINavigationBar+Flat.swift in Sources */ = {isa = PBXBuildFile; fileRef = 1033E54F1E75C7AA002D1615 /* UINavigationBar+Flat.swift */; };
		1033E5531E75C7AA002D1615 /* UIFont+Avenir.swift in Sources */ = {isa = PBXBuildFile; fileRef = 1033E5501E75C7AA002D1615 /* UIFont+Avenir.swift */; };
		1033E5541E75C7AA002D1615 /* String+Additions.swift in Sources */ = {isa = PBXBuildFile; fileRef = 1033E5511E75C7AA002D1615 /* String+Additions.swift */; };
		1033E5571E79CA44002D1615 /* Calendar.xcassets in Resources */ = {isa = PBXBuildFile; fileRef = 1033E5561E79CA44002D1615 /* Calendar.xcassets */; };
		1033E5591E7A77A8002D1615 /* ContentViewController.swift in Sources */ = {isa = PBXBuildFile; fileRef = 1033E5581E7A77A8002D1615 /* ContentViewController.swift */; };
		1033E55C1E7A78E7002D1615 /* Content.storyboard in Resources */ = {isa = PBXBuildFile; fileRef = 1033E55B1E7A78E7002D1615 /* Content.storyboard */; };
		106306AE1E8B951C0089DA00 /* Calendar.xib in Resources */ = {isa = PBXBuildFile; fileRef = 106306AD1E8B951C0089DA00 /* Calendar.xib */; };
		106306B41E8CE3BF0089DA00 /* ContentEntity.swift in Sources */ = {isa = PBXBuildFile; fileRef = 106306B31E8CE3BF0089DA00 /* ContentEntity.swift */; };
		106306B71E8E75C60089DA00 /* AppDelegate+Facebook.swift in Sources */ = {isa = PBXBuildFile; fileRef = 106306B61E8E75C60089DA00 /* AppDelegate+Facebook.swift */; };
		106306BC1E8E99600089DA00 /* Profile.swift in Sources */ = {isa = PBXBuildFile; fileRef = 106306BB1E8E99600089DA00 /* Profile.swift */; };
		106EAF3B1E92DFA8004686B5 /* DateFormatters.swift in Sources */ = {isa = PBXBuildFile; fileRef = 106EAF3A1E92DFA8004686B5 /* DateFormatters.swift */; };
		106EAF3E1E92E3B1004686B5 /* ImageDownloader.swift in Sources */ = {isa = PBXBuildFile; fileRef = 106EAF3D1E92E3B1004686B5 /* ImageDownloader.swift */; };
		106EAF401E93200D004686B5 /* SwiftyJSON.swift in Sources */ = {isa = PBXBuildFile; fileRef = 106EAF3F1E93200D004686B5 /* SwiftyJSON.swift */; };
		106EAF441E94333E004686B5 /* Auth0.plist in Resources */ = {isa = PBXBuildFile; fileRef = 106EAF431E94333D004686B5 /* Auth0.plist */; };
		106EAF461E9435FE004686B5 /* AuthoViewController.swift in Sources */ = {isa = PBXBuildFile; fileRef = 106EAF451E9435FE004686B5 /* AuthoViewController.swift */; };
		106EB0261E946343004686B5 /* schema.json in Resources */ = {isa = PBXBuildFile; fileRef = 106EB0251E946343004686B5 /* schema.json */; };
		106EB0281E94636E004686B5 /* API.swift in Sources */ = {isa = PBXBuildFile; fileRef = 106EB0271E94636E004686B5 /* API.swift */; };
		106EB02C1E94661A004686B5 /* CurrentUser.graphql in Resources */ = {isa = PBXBuildFile; fileRef = 106EB02B1E94661A004686B5 /* CurrentUser.graphql */; };
		10855A911E7FBFB9005B8E24 /* Workshops.swift in Sources */ = {isa = PBXBuildFile; fileRef = 10855A901E7FBFB9005B8E24 /* Workshops.swift */; };
		1089BF821E708553006E091A /* AppDelegate.swift in Sources */ = {isa = PBXBuildFile; fileRef = 1089BF811E708553006E091A /* AppDelegate.swift */; };
		1089BF841E708553006E091A /* Search.swift in Sources */ = {isa = PBXBuildFile; fileRef = 1089BF831E708553006E091A /* Search.swift */; };
		1089BF871E708553006E091A /* Search.storyboard in Resources */ = {isa = PBXBuildFile; fileRef = 1089BF851E708553006E091A /* Search.storyboard */; };
		1089BF891E708553006E091A /* Assets.xcassets in Resources */ = {isa = PBXBuildFile; fileRef = 1089BF881E708553006E091A /* Assets.xcassets */; };
		1089BF8C1E708553006E091A /* LaunchScreen.storyboard in Resources */ = {isa = PBXBuildFile; fileRef = 1089BF8A1E708553006E091A /* LaunchScreen.storyboard */; };
		1089BF971E708553006E091A /* SalsetteTests.swift in Sources */ = {isa = PBXBuildFile; fileRef = 1089BF961E708553006E091A /* SalsetteTests.swift */; };
		10964C451E82E66300CDFE3F /* Events.swift in Sources */ = {isa = PBXBuildFile; fileRef = 10964C441E82E66300CDFE3F /* Events.swift */; };
		109AFB5A1E90191400E424F6 /* CreateEvents.swift in Sources */ = {isa = PBXBuildFile; fileRef = 109AFB591E90191400E424F6 /* CreateEvents.swift */; };
		109AFB5C1E902EA700E424F6 /* Permissions.swift in Sources */ = {isa = PBXBuildFile; fileRef = 109AFB5B1E902EA700E424F6 /* Permissions.swift */; };
		10B9AF761E7DA2900033A6BF /* UImage+Additions.swift in Sources */ = {isa = PBXBuildFile; fileRef = 10B9AF751E7DA2900033A6BF /* UImage+Additions.swift */; };
		10B9AF781E7E96870033A6BF /* CGSize+Additions.swift in Sources */ = {isa = PBXBuildFile; fileRef = 10B9AF771E7E96870033A6BF /* CGSize+Additions.swift */; };
		10D733431E728E7600F47A52 /* UIStoryboard+Functions.swift in Sources */ = {isa = PBXBuildFile; fileRef = 10D733421E728E7600F47A52 /* UIStoryboard+Functions.swift */; };
/* End PBXBuildFile section */

/* Begin PBXContainerItemProxy section */
		1089BF931E708553006E091A /* PBXContainerItemProxy */ = {
			isa = PBXContainerItemProxy;
			containerPortal = 1089BF761E708553006E091A /* Project object */;
			proxyType = 1;
			remoteGlobalIDString = 1089BF7D1E708553006E091A;
			remoteInfo = Salsette;
		};
/* End PBXContainerItemProxy section */

/* Begin PBXFileReference section */
		1033E52A1E7589BA002D1615 /* Calendar.swift */ = {isa = PBXFileReference; fileEncoding = 4; lastKnownFileType = sourcecode.swift; path = Calendar.swift; sourceTree = "<group>"; };
		1033E52D1E75A9DF002D1615 /* AddPopoverViewController.swift */ = {isa = PBXFileReference; fileEncoding = 4; lastKnownFileType = sourcecode.swift; path = AddPopoverViewController.swift; sourceTree = "<group>"; };
		1033E52E1E75A9DF002D1615 /* MenuViewContoller.swift */ = {isa = PBXFileReference; fileEncoding = 4; lastKnownFileType = sourcecode.swift; path = MenuViewContoller.swift; sourceTree = "<group>"; };
		1033E5351E75AA04002D1615 /* TabItem.swift */ = {isa = PBXFileReference; fileEncoding = 4; lastKnownFileType = sourcecode.swift; path = TabItem.swift; sourceTree = "<group>"; };
		1033E5381E75AA11002D1615 /* ControllersProvider.swift */ = {isa = PBXFileReference; fileEncoding = 4; lastKnownFileType = sourcecode.swift; path = ControllersProvider.swift; sourceTree = "<group>"; };
		1033E5391E75AA11002D1615 /* TabItemsProvider.swift */ = {isa = PBXFileReference; fileEncoding = 4; lastKnownFileType = sourcecode.swift; path = TabItemsProvider.swift; sourceTree = "<group>"; };
		1033E53D1E75AA23002D1615 /* ExampleTableViewCell.swift */ = {isa = PBXFileReference; fileEncoding = 4; lastKnownFileType = sourcecode.swift; path = ExampleTableViewCell.swift; sourceTree = "<group>"; };
		1033E53E1E75AA23002D1615 /* ExampleTableViewCell.xib */ = {isa = PBXFileReference; fileEncoding = 4; lastKnownFileType = file.xib; path = ExampleTableViewCell.xib; sourceTree = "<group>"; };
		1033E5411E75AA8E002D1615 /* MenuAssets.xcassets */ = {isa = PBXFileReference; lastKnownFileType = folder.assetcatalog; path = MenuAssets.xcassets; sourceTree = "<group>"; };
		1033E5431E75AAB3002D1615 /* UIFont+Zeplin.swift */ = {isa = PBXFileReference; fileEncoding = 4; lastKnownFileType = sourcecode.swift; path = "UIFont+Zeplin.swift"; sourceTree = "<group>"; };
		1033E5451E75AAC5002D1615 /* GothamProBlack.ttf */ = {isa = PBXFileReference; lastKnownFileType = file; path = GothamProBlack.ttf; sourceTree = "<group>"; };
		1033E5461E75AAC5002D1615 /* GothamProBold.ttf */ = {isa = PBXFileReference; lastKnownFileType = file; path = GothamProBold.ttf; sourceTree = "<group>"; };
		1033E5471E75AAC5002D1615 /* GothamProMedium.ttf */ = {isa = PBXFileReference; lastKnownFileType = file; path = GothamProMedium.ttf; sourceTree = "<group>"; };
		1033E5481E75AAC5002D1615 /* GothamProRegular.ttf */ = {isa = PBXFileReference; lastKnownFileType = file; path = GothamProRegular.ttf; sourceTree = "<group>"; };
		1033E54A1E75AB21002D1615 /* Main.storyboard */ = {isa = PBXFileReference; fileEncoding = 4; lastKnownFileType = file.storyboard; path = Main.storyboard; sourceTree = "<group>"; };
		1033E54C1E75C5BB002D1615 /* SideMenuViewController.swift */ = {isa = PBXFileReference; fileEncoding = 4; lastKnownFileType = sourcecode.swift; path = SideMenuViewController.swift; sourceTree = "<group>"; };
		1033E54F1E75C7AA002D1615 /* UINavigationBar+Flat.swift */ = {isa = PBXFileReference; fileEncoding = 4; lastKnownFileType = sourcecode.swift; path = "UINavigationBar+Flat.swift"; sourceTree = "<group>"; };
		1033E5501E75C7AA002D1615 /* UIFont+Avenir.swift */ = {isa = PBXFileReference; fileEncoding = 4; lastKnownFileType = sourcecode.swift; path = "UIFont+Avenir.swift"; sourceTree = "<group>"; };
		1033E5511E75C7AA002D1615 /* String+Additions.swift */ = {isa = PBXFileReference; fileEncoding = 4; lastKnownFileType = sourcecode.swift; path = "String+Additions.swift"; sourceTree = "<group>"; };
		1033E5551E79C2C4002D1615 /* Objc-Bridge-Header.h */ = {isa = PBXFileReference; lastKnownFileType = sourcecode.c.h; path = "Objc-Bridge-Header.h"; sourceTree = "<group>"; };
		1033E5561E79CA44002D1615 /* Calendar.xcassets */ = {isa = PBXFileReference; lastKnownFileType = folder.assetcatalog; path = Calendar.xcassets; sourceTree = "<group>"; };
		1033E5581E7A77A8002D1615 /* ContentViewController.swift */ = {isa = PBXFileReference; fileEncoding = 4; lastKnownFileType = sourcecode.swift; path = ContentViewController.swift; sourceTree = "<group>"; };
		1033E55B1E7A78E7002D1615 /* Content.storyboard */ = {isa = PBXFileReference; fileEncoding = 4; lastKnownFileType = file.storyboard; path = Content.storyboard; sourceTree = "<group>"; };
		106306AD1E8B951C0089DA00 /* Calendar.xib */ = {isa = PBXFileReference; fileEncoding = 4; lastKnownFileType = file.xib; path = Calendar.xib; sourceTree = "<group>"; };
		106306B31E8CE3BF0089DA00 /* ContentEntity.swift */ = {isa = PBXFileReference; fileEncoding = 4; lastKnownFileType = sourcecode.swift; path = ContentEntity.swift; sourceTree = "<group>"; };
		106306B61E8E75C60089DA00 /* AppDelegate+Facebook.swift */ = {isa = PBXFileReference; fileEncoding = 4; lastKnownFileType = sourcecode.swift; path = "AppDelegate+Facebook.swift"; sourceTree = "<group>"; };
		106306BB1E8E99600089DA00 /* Profile.swift */ = {isa = PBXFileReference; fileEncoding = 4; lastKnownFileType = sourcecode.swift; path = Profile.swift; sourceTree = "<group>"; };
		106EAF3A1E92DFA8004686B5 /* DateFormatters.swift */ = {isa = PBXFileReference; fileEncoding = 4; lastKnownFileType = sourcecode.swift; path = DateFormatters.swift; sourceTree = "<group>"; };
		106EAF3D1E92E3B1004686B5 /* ImageDownloader.swift */ = {isa = PBXFileReference; fileEncoding = 4; lastKnownFileType = sourcecode.swift; path = ImageDownloader.swift; sourceTree = "<group>"; };
		106EAF3F1E93200D004686B5 /* SwiftyJSON.swift */ = {isa = PBXFileReference; fileEncoding = 4; lastKnownFileType = sourcecode.swift; path = SwiftyJSON.swift; sourceTree = "<group>"; };
		106EAF431E94333D004686B5 /* Auth0.plist */ = {isa = PBXFileReference; fileEncoding = 4; lastKnownFileType = text.plist.xml; path = Auth0.plist; sourceTree = "<group>"; };
		106EAF451E9435FE004686B5 /* AuthoViewController.swift */ = {isa = PBXFileReference; fileEncoding = 4; lastKnownFileType = sourcecode.swift; path = AuthoViewController.swift; sourceTree = "<group>"; };
		106EB0251E946343004686B5 /* schema.json */ = {isa = PBXFileReference; fileEncoding = 4; lastKnownFileType = text.json; path = schema.json; sourceTree = "<group>"; };
		106EB0271E94636E004686B5 /* API.swift */ = {isa = PBXFileReference; fileEncoding = 4; lastKnownFileType = sourcecode.swift; path = API.swift; sourceTree = "<group>"; };
		106EB02B1E94661A004686B5 /* CurrentUser.graphql */ = {isa = PBXFileReference; fileEncoding = 4; lastKnownFileType = text; path = CurrentUser.graphql; sourceTree = "<group>"; };
		10855A901E7FBFB9005B8E24 /* Workshops.swift */ = {isa = PBXFileReference; fileEncoding = 4; lastKnownFileType = sourcecode.swift; path = Workshops.swift; sourceTree = "<group>"; };
		1089BF7E1E708553006E091A /* Salsette.app */ = {isa = PBXFileReference; explicitFileType = wrapper.application; includeInIndex = 0; path = Salsette.app; sourceTree = BUILT_PRODUCTS_DIR; };
		1089BF811E708553006E091A /* AppDelegate.swift */ = {isa = PBXFileReference; lastKnownFileType = sourcecode.swift; path = AppDelegate.swift; sourceTree = "<group>"; };
		1089BF831E708553006E091A /* Search.swift */ = {isa = PBXFileReference; lastKnownFileType = sourcecode.swift; path = Search.swift; sourceTree = "<group>"; };
		1089BF861E708553006E091A /* Base */ = {isa = PBXFileReference; lastKnownFileType = file.storyboard; name = Base; path = Base.lproj/Search.storyboard; sourceTree = "<group>"; };
		1089BF881E708553006E091A /* Assets.xcassets */ = {isa = PBXFileReference; lastKnownFileType = folder.assetcatalog; path = Assets.xcassets; sourceTree = "<group>"; };
		1089BF8B1E708553006E091A /* Base */ = {isa = PBXFileReference; lastKnownFileType = file.storyboard; name = Base; path = Base.lproj/LaunchScreen.storyboard; sourceTree = "<group>"; };
		1089BF8D1E708553006E091A /* Info.plist */ = {isa = PBXFileReference; lastKnownFileType = text.plist.xml; path = Info.plist; sourceTree = "<group>"; };
		1089BF921E708553006E091A /* SalsetteTests.xctest */ = {isa = PBXFileReference; explicitFileType = wrapper.cfbundle; includeInIndex = 0; path = SalsetteTests.xctest; sourceTree = BUILT_PRODUCTS_DIR; };
		1089BF961E708553006E091A /* SalsetteTests.swift */ = {isa = PBXFileReference; lastKnownFileType = sourcecode.swift; path = SalsetteTests.swift; sourceTree = "<group>"; };
		1089BF981E708553006E091A /* Info.plist */ = {isa = PBXFileReference; lastKnownFileType = text.plist.xml; path = Info.plist; sourceTree = "<group>"; };
		10964C441E82E66300CDFE3F /* Events.swift */ = {isa = PBXFileReference; fileEncoding = 4; lastKnownFileType = sourcecode.swift; path = Events.swift; sourceTree = "<group>"; };
		109AFB581E8F98B500E424F6 /* Salsette.entitlements */ = {isa = PBXFileReference; lastKnownFileType = text.plist.entitlements; path = Salsette.entitlements; sourceTree = "<group>"; };
		109AFB591E90191400E424F6 /* CreateEvents.swift */ = {isa = PBXFileReference; fileEncoding = 4; lastKnownFileType = sourcecode.swift; path = CreateEvents.swift; sourceTree = "<group>"; };
		109AFB5B1E902EA700E424F6 /* Permissions.swift */ = {isa = PBXFileReference; fileEncoding = 4; lastKnownFileType = sourcecode.swift; path = Permissions.swift; sourceTree = "<group>"; };
		10B9AF751E7DA2900033A6BF /* UImage+Additions.swift */ = {isa = PBXFileReference; fileEncoding = 4; lastKnownFileType = sourcecode.swift; path = "UImage+Additions.swift"; sourceTree = "<group>"; };
		10B9AF771E7E96870033A6BF /* CGSize+Additions.swift */ = {isa = PBXFileReference; fileEncoding = 4; lastKnownFileType = sourcecode.swift; path = "CGSize+Additions.swift"; sourceTree = "<group>"; };
		10D733421E728E7600F47A52 /* UIStoryboard+Functions.swift */ = {isa = PBXFileReference; fileEncoding = 4; lastKnownFileType = sourcecode.swift; path = "UIStoryboard+Functions.swift"; sourceTree = "<group>"; };
		3116C0615A92BACF892E9C63 /* Pods-Salsette.release.xcconfig */ = {isa = PBXFileReference; includeInIndex = 1; lastKnownFileType = text.xcconfig; name = "Pods-Salsette.release.xcconfig"; path = "Pods/Target Support Files/Pods-Salsette/Pods-Salsette.release.xcconfig"; sourceTree = "<group>"; };
		A26ECBEDA3D5B5A569304D7F /* Pods-Salsette.debug.xcconfig */ = {isa = PBXFileReference; includeInIndex = 1; lastKnownFileType = text.xcconfig; name = "Pods-Salsette.debug.xcconfig"; path = "Pods/Target Support Files/Pods-Salsette/Pods-Salsette.debug.xcconfig"; sourceTree = "<group>"; };
		E4A7EBEAF4AC4F4083A3DDE9 /* Pods_Salsette.framework */ = {isa = PBXFileReference; explicitFileType = wrapper.framework; includeInIndex = 0; path = Pods_Salsette.framework; sourceTree = BUILT_PRODUCTS_DIR; };
/* End PBXFileReference section */

/* Begin PBXFrameworksBuildPhase section */
		1089BF7B1E708553006E091A /* Frameworks */ = {
			isa = PBXFrameworksBuildPhase;
			buildActionMask = 2147483647;
			files = (
				0451611E9933FDA98F22AA50 /* Pods_Salsette.framework in Frameworks */,
			);
			runOnlyForDeploymentPostprocessing = 0;
		};
		1089BF8F1E708553006E091A /* Frameworks */ = {
			isa = PBXFrameworksBuildPhase;
			buildActionMask = 2147483647;
			files = (
			);
			runOnlyForDeploymentPostprocessing = 0;
		};
/* End PBXFrameworksBuildPhase section */

/* Begin PBXGroup section */
		1033E52C1E75A955002D1615 /* Search */ = {
			isa = PBXGroup;
			children = (
				1089BF831E708553006E091A /* Search.swift */,
				1089BF851E708553006E091A /* Search.storyboard */,
				1033E52A1E7589BA002D1615 /* Calendar.swift */,
				106306AD1E8B951C0089DA00 /* Calendar.xib */,
				1033E5561E79CA44002D1615 /* Calendar.xcassets */,
			);
			name = Search;
			sourceTree = "<group>";
		};
		1033E5331E75A9E3002D1615 /* Menu */ = {
			isa = PBXGroup;
			children = (
				1033E5491E75AADC002D1615 /* Resources */,
				1033E53C1E75AA14002D1615 /* DataProviders */,
				1033E5341E75A9F2002D1615 /* ViewControllers */,
			);
			name = Menu;
			sourceTree = "<group>";
		};
		1033E5341E75A9F2002D1615 /* ViewControllers */ = {
			isa = PBXGroup;
			children = (
				1033E52E1E75A9DF002D1615 /* MenuViewContoller.swift */,
				1033E54C1E75C5BB002D1615 /* SideMenuViewController.swift */,
				1033E52D1E75A9DF002D1615 /* AddPopoverViewController.swift */,
				1033E53D1E75AA23002D1615 /* ExampleTableViewCell.swift */,
				1033E53E1E75AA23002D1615 /* ExampleTableViewCell.xib */,
			);
			name = ViewControllers;
			sourceTree = "<group>";
		};
		1033E53C1E75AA14002D1615 /* DataProviders */ = {
			isa = PBXGroup;
			children = (
				1033E5381E75AA11002D1615 /* ControllersProvider.swift */,
				1033E5351E75AA04002D1615 /* TabItem.swift */,
				1033E5391E75AA11002D1615 /* TabItemsProvider.swift */,
			);
			name = DataProviders;
			sourceTree = "<group>";
		};
		1033E5491E75AADC002D1615 /* Resources */ = {
			isa = PBXGroup;
			children = (
				1033E5411E75AA8E002D1615 /* MenuAssets.xcassets */,
				1033E5451E75AAC5002D1615 /* GothamProBlack.ttf */,
				1033E5461E75AAC5002D1615 /* GothamProBold.ttf */,
				1033E5471E75AAC5002D1615 /* GothamProMedium.ttf */,
				1033E5481E75AAC5002D1615 /* GothamProRegular.ttf */,
			);
			name = Resources;
			sourceTree = "<group>";
		};
		1033E54E1E75C7A0002D1615 /* Extensions */ = {
			isa = PBXGroup;
			children = (
				1033E5431E75AAB3002D1615 /* UIFont+Zeplin.swift */,
				1033E5501E75C7AA002D1615 /* UIFont+Avenir.swift */,
				1033E54F1E75C7AA002D1615 /* UINavigationBar+Flat.swift */,
				1033E5511E75C7AA002D1615 /* String+Additions.swift */,
				10B9AF751E7DA2900033A6BF /* UImage+Additions.swift */,
				10B9AF771E7E96870033A6BF /* CGSize+Additions.swift */,
				10D733421E728E7600F47A52 /* UIStoryboard+Functions.swift */,
				106EAF3A1E92DFA8004686B5 /* DateFormatters.swift */,
				106EAF3F1E93200D004686B5 /* SwiftyJSON.swift */,
			);
			name = Extensions;
			sourceTree = "<group>";
		};
		1033E55A1E7A77AD002D1615 /* Salsette */ = {
			isa = PBXGroup;
			children = (
				1033E52C1E75A955002D1615 /* Search */,
				1033E5581E7A77A8002D1615 /* ContentViewController.swift */,
				106306B31E8CE3BF0089DA00 /* ContentEntity.swift */,
				106306B51E8E6E2B0089DA00 /* Content Interactor and DataStore */,
				1033E55B1E7A78E7002D1615 /* Content.storyboard */,
			);
			name = Salsette;
			sourceTree = "<group>";
		};
		106306B51E8E6E2B0089DA00 /* Content Interactor and DataStore */ = {
			isa = PBXGroup;
			children = (
				10855A901E7FBFB9005B8E24 /* Workshops.swift */,
				10964C441E82E66300CDFE3F /* Events.swift */,
			);
			name = "Content Interactor and DataStore";
			sourceTree = "<group>";
		};
		106306BA1E8E96740089DA00 /* Profile */ = {
			isa = PBXGroup;
			children = (
				106306BB1E8E99600089DA00 /* Profile.swift */,
				FB08BD021E94EE6000686193 /* Sign In */,
				109AFB591E90191400E424F6 /* CreateEvents.swift */,
			);
			name = Profile;
			sourceTree = "<group>";
		};
		106EAF3C1E92E394004686B5 /* Shared */ = {
			isa = PBXGroup;
			children = (
				109AFB5B1E902EA700E424F6 /* Permissions.swift */,
				106EAF3D1E92E3B1004686B5 /* ImageDownloader.swift */,
			);
			name = Shared;
			sourceTree = "<group>";
		};
		1089BF751E708553006E091A = {
			isa = PBXGroup;
			children = (
				1089BF801E708553006E091A /* Salsette */,
				1089BF951E708553006E091A /* SalsetteTests */,
				1089BF7F1E708553006E091A /* Products */,
				4CEF28E96403B60C28B1613B /* Pods */,
				C2AFA80863CEB3978B100868 /* Frameworks */,
			);
			sourceTree = "<group>";
		};
		1089BF7F1E708553006E091A /* Products */ = {
			isa = PBXGroup;
			children = (
				1089BF7E1E708553006E091A /* Salsette.app */,
				1089BF921E708553006E091A /* SalsetteTests.xctest */,
			);
			name = Products;
			sourceTree = "<group>";
		};
		1089BF801E708553006E091A /* Salsette */ = {
			isa = PBXGroup;
			children = (
				1033E54E1E75C7A0002D1615 /* Extensions */,
				1089BF811E708553006E091A /* AppDelegate.swift */,
				106306B61E8E75C60089DA00 /* AppDelegate+Facebook.swift */,
				1033E54A1E75AB21002D1615 /* Main.storyboard */,
				106EAF3C1E92E394004686B5 /* Shared */,
				106EB0271E94636E004686B5 /* API.swift */,
				106306BA1E8E96740089DA00 /* Profile */,
				1033E55A1E7A77AD002D1615 /* Salsette */,
				1033E5331E75A9E3002D1615 /* Menu */,
				1089BF881E708553006E091A /* Assets.xcassets */,
				1089BF8A1E708553006E091A /* LaunchScreen.storyboard */,
				106EB0251E946343004686B5 /* schema.json */,
				1089BF8D1E708553006E091A /* Info.plist */,
				106EAF431E94333D004686B5 /* Auth0.plist */,
				109AFB581E8F98B500E424F6 /* Salsette.entitlements */,
				1033E5551E79C2C4002D1615 /* Objc-Bridge-Header.h */,
			);
			path = Salsette;
			sourceTree = "<group>";
		};
		1089BF951E708553006E091A /* SalsetteTests */ = {
			isa = PBXGroup;
			children = (
				1089BF961E708553006E091A /* SalsetteTests.swift */,
				1089BF981E708553006E091A /* Info.plist */,
			);
			path = SalsetteTests;
			sourceTree = "<group>";
		};
		4CEF28E96403B60C28B1613B /* Pods */ = {
			isa = PBXGroup;
			children = (
				A26ECBEDA3D5B5A569304D7F /* Pods-Salsette.debug.xcconfig */,
				3116C0615A92BACF892E9C63 /* Pods-Salsette.release.xcconfig */,
			);
			name = Pods;
			sourceTree = "<group>";
		};
		C2AFA80863CEB3978B100868 /* Frameworks */ = {
			isa = PBXGroup;
			children = (
				E4A7EBEAF4AC4F4083A3DDE9 /* Pods_Salsette.framework */,
			);
			name = Frameworks;
			sourceTree = "<group>";
		};
		FB08BD021E94EE6000686193 /* Sign In */ = {
			isa = PBXGroup;
			children = (
				106EAF451E9435FE004686B5 /* AuthoViewController.swift */,
				106EB02B1E94661A004686B5 /* CurrentUser.graphql */,
			);
			name = "Sign In";
			sourceTree = "<group>";
		};
/* End PBXGroup section */

/* Begin PBXNativeTarget section */
		1089BF7D1E708553006E091A /* Salsette */ = {
			isa = PBXNativeTarget;
			buildConfigurationList = 1089BF9B1E708554006E091A /* Build configuration list for PBXNativeTarget "Salsette" */;
			buildPhases = (
				686C8561308FB2E9E6F4CA7B /* [CP] Check Pods Manifest.lock */,
				106EB0201E945144004686B5 /* Generate Apollo GraphQL API */,
				1089BF7A1E708553006E091A /* Sources */,
				1089BF7B1E708553006E091A /* Frameworks */,
				1089BF7C1E708553006E091A /* Resources */,
				78FB332136A44D9008D033B6 /* [CP] Embed Pods Frameworks */,
				A18D88349D3DB1639B753F32 /* [CP] Copy Pods Resources */,
			);
			buildRules = (
			);
			dependencies = (
			);
			name = Salsette;
			productName = Salsette;
			productReference = 1089BF7E1E708553006E091A /* Salsette.app */;
			productType = "com.apple.product-type.application";
		};
		1089BF911E708553006E091A /* SalsetteTests */ = {
			isa = PBXNativeTarget;
			buildConfigurationList = 1089BF9E1E708554006E091A /* Build configuration list for PBXNativeTarget "SalsetteTests" */;
			buildPhases = (
				1089BF8E1E708553006E091A /* Sources */,
				1089BF8F1E708553006E091A /* Frameworks */,
				1089BF901E708553006E091A /* Resources */,
			);
			buildRules = (
			);
			dependencies = (
				1089BF941E708553006E091A /* PBXTargetDependency */,
			);
			name = SalsetteTests;
			productName = SalsetteTests;
			productReference = 1089BF921E708553006E091A /* SalsetteTests.xctest */;
			productType = "com.apple.product-type.bundle.unit-test";
		};
/* End PBXNativeTarget section */

/* Begin PBXProject section */
		1089BF761E708553006E091A /* Project object */ = {
			isa = PBXProject;
			attributes = {
				LastSwiftUpdateCheck = 0820;
				LastUpgradeCheck = 0820;
				ORGANIZATIONNAME = "Marton Kerekes";
				TargetAttributes = {
					1089BF7D1E708553006E091A = {
						CreatedOnToolsVersion = 8.2.1;
						DevelopmentTeam = HQQ63777MM;
						ProvisioningStyle = Automatic;
						SystemCapabilities = {
							com.apple.Keychain = {
								enabled = 1;
							};
						};
					};
					1089BF911E708553006E091A = {
						CreatedOnToolsVersion = 8.2.1;
						DevelopmentTeam = HQQ63777MM;
						ProvisioningStyle = Automatic;
						TestTargetID = 1089BF7D1E708553006E091A;
					};
				};
			};
			buildConfigurationList = 1089BF791E708553006E091A /* Build configuration list for PBXProject "Salsette" */;
			compatibilityVersion = "Xcode 3.2";
			developmentRegion = English;
			hasScannedForEncodings = 0;
			knownRegions = (
				en,
				Base,
			);
			mainGroup = 1089BF751E708553006E091A;
			productRefGroup = 1089BF7F1E708553006E091A /* Products */;
			projectDirPath = "";
			projectRoot = "";
			targets = (
				1089BF7D1E708553006E091A /* Salsette */,
				1089BF911E708553006E091A /* SalsetteTests */,
			);
		};
/* End PBXProject section */

/* Begin PBXResourcesBuildPhase section */
		1089BF7C1E708553006E091A /* Resources */ = {
			isa = PBXResourcesBuildPhase;
			buildActionMask = 2147483647;
			files = (
				1033E54B1E75AB21002D1615 /* Main.storyboard in Resources */,
				1089BF8C1E708553006E091A /* LaunchScreen.storyboard in Resources */,
				1033E5401E75AA23002D1615 /* ExampleTableViewCell.xib in Resources */,
				1089BF891E708553006E091A /* Assets.xcassets in Resources */,
				106EB0261E946343004686B5 /* schema.json in Resources */,
				106EB02C1E94661A004686B5 /* CurrentUser.graphql in Resources */,
				1033E55C1E7A78E7002D1615 /* Content.storyboard in Resources */,
				106EAF441E94333E004686B5 /* Auth0.plist in Resources */,
				1089BF871E708553006E091A /* Search.storyboard in Resources */,
				1033E5421E75AA8E002D1615 /* MenuAssets.xcassets in Resources */,
				106306AE1E8B951C0089DA00 /* Calendar.xib in Resources */,
				1033E5571E79CA44002D1615 /* Calendar.xcassets in Resources */,
			);
			runOnlyForDeploymentPostprocessing = 0;
		};
		1089BF901E708553006E091A /* Resources */ = {
			isa = PBXResourcesBuildPhase;
			buildActionMask = 2147483647;
			files = (
			);
			runOnlyForDeploymentPostprocessing = 0;
		};
/* End PBXResourcesBuildPhase section */

/* Begin PBXShellScriptBuildPhase section */
		106EB0201E945144004686B5 /* Generate Apollo GraphQL API */ = {
			isa = PBXShellScriptBuildPhase;
			buildActionMask = 2147483647;
			files = (
			);
			inputPaths = (
			);
			name = "Generate Apollo GraphQL API";
			outputPaths = (
			);
			runOnlyForDeploymentPostprocessing = 0;
			shellPath = /bin/sh;
			shellScript = "APOLLO_FRAMEWORK_PATH=\"$(eval find $FRAMEWORK_SEARCH_PATHS -name \"Apollo.framework\" -maxdepth 1)\"\nif [ -z \"$APOLLO_FRAMEWORK_PATH\" ]; then\necho \"error: Couldn't find Apollo.framework in FRAMEWORK_SEARCH_PATHS; make sure to add the framework to your project.\"\nexit 1\nfi\ncd \"${SRCROOT}/${TARGET_NAME}\"\n\necho \"++++\"\necho | find . -name '*.graphql'\n$APOLLO_FRAMEWORK_PATH/check-and-run-apollo-codegen.sh generate $(find . -name '*.graphql') --schema schema.json --output API.swift";
		};
		686C8561308FB2E9E6F4CA7B /* [CP] Check Pods Manifest.lock */ = {
			isa = PBXShellScriptBuildPhase;
			buildActionMask = 2147483647;
			files = (
			);
			inputPaths = (
			);
			name = "[CP] Check Pods Manifest.lock";
			outputPaths = (
			);
			runOnlyForDeploymentPostprocessing = 0;
			shellPath = /bin/sh;
			shellScript = "diff \"${PODS_ROOT}/../Podfile.lock\" \"${PODS_ROOT}/Manifest.lock\" > /dev/null\nif [ $? != 0 ] ; then\n    # print error to STDERR\n    echo \"error: The sandbox is not in sync with the Podfile.lock. Run 'pod install' or update your CocoaPods installation.\" >&2\n    exit 1\nfi\n";
			showEnvVarsInLog = 0;
		};
		78FB332136A44D9008D033B6 /* [CP] Embed Pods Frameworks */ = {
			isa = PBXShellScriptBuildPhase;
			buildActionMask = 2147483647;
			files = (
			);
			inputPaths = (
			);
			name = "[CP] Embed Pods Frameworks";
			outputPaths = (
			);
			runOnlyForDeploymentPostprocessing = 0;
			shellPath = /bin/sh;
			shellScript = "\"${SRCROOT}/Pods/Target Support Files/Pods-Salsette/Pods-Salsette-frameworks.sh\"\n";
			showEnvVarsInLog = 0;
		};
		A18D88349D3DB1639B753F32 /* [CP] Copy Pods Resources */ = {
			isa = PBXShellScriptBuildPhase;
			buildActionMask = 2147483647;
			files = (
			);
			inputPaths = (
			);
			name = "[CP] Copy Pods Resources";
			outputPaths = (
			);
			runOnlyForDeploymentPostprocessing = 0;
			shellPath = /bin/sh;
			shellScript = "\"${SRCROOT}/Pods/Target Support Files/Pods-Salsette/Pods-Salsette-resources.sh\"\n";
			showEnvVarsInLog = 0;
		};
/* End PBXShellScriptBuildPhase section */

/* Begin PBXSourcesBuildPhase section */
		1089BF7A1E708553006E091A /* Sources */ = {
			isa = PBXSourcesBuildPhase;
			buildActionMask = 2147483647;
			files = (
				1033E53B1E75AA11002D1615 /* TabItemsProvider.swift in Sources */,
				1033E5311E75A9DF002D1615 /* MenuViewContoller.swift in Sources */,
				1033E5541E75C7AA002D1615 /* String+Additions.swift in Sources */,
				106306BC1E8E99600089DA00 /* Profile.swift in Sources */,
				106EB0281E94636E004686B5 /* API.swift in Sources */,
				10B9AF761E7DA2900033A6BF /* UImage+Additions.swift in Sources */,
				10D733431E728E7600F47A52 /* UIStoryboard+Functions.swift in Sources */,
				109AFB5A1E90191400E424F6 /* CreateEvents.swift in Sources */,
				1033E54D1E75C5BB002D1615 /* SideMenuViewController.swift in Sources */,
				1033E5521E75C7AA002D1615 /* UINavigationBar+Flat.swift in Sources */,
				1033E52B1E7589BA002D1615 /* Calendar.swift in Sources */,
				10855A911E7FBFB9005B8E24 /* Workshops.swift in Sources */,
				1033E5301E75A9DF002D1615 /* AddPopoverViewController.swift in Sources */,
				1033E5531E75C7AA002D1615 /* UIFont+Avenir.swift in Sources */,
				1033E53A1E75AA11002D1615 /* ControllersProvider.swift in Sources */,
				106EAF461E9435FE004686B5 /* AuthoViewController.swift in Sources */,
				106306B41E8CE3BF0089DA00 /* ContentEntity.swift in Sources */,
				106EAF401E93200D004686B5 /* SwiftyJSON.swift in Sources */,
				10B9AF781E7E96870033A6BF /* CGSize+Additions.swift in Sources */,
				106EAF3E1E92E3B1004686B5 /* ImageDownloader.swift in Sources */,
				106EAF3B1E92DFA8004686B5 /* DateFormatters.swift in Sources */,
				1089BF841E708553006E091A /* Search.swift in Sources */,
				1089BF821E708553006E091A /* AppDelegate.swift in Sources */,
				10964C451E82E66300CDFE3F /* Events.swift in Sources */,
				1033E5591E7A77A8002D1615 /* ContentViewController.swift in Sources */,
				109AFB5C1E902EA700E424F6 /* Permissions.swift in Sources */,
				106306B71E8E75C60089DA00 /* AppDelegate+Facebook.swift in Sources */,
				1033E5441E75AAB3002D1615 /* UIFont+Zeplin.swift in Sources */,
				1033E53F1E75AA23002D1615 /* ExampleTableViewCell.swift in Sources */,
				1033E5361E75AA04002D1615 /* TabItem.swift in Sources */,
			);
			runOnlyForDeploymentPostprocessing = 0;
		};
		1089BF8E1E708553006E091A /* Sources */ = {
			isa = PBXSourcesBuildPhase;
			buildActionMask = 2147483647;
			files = (
				1089BF971E708553006E091A /* SalsetteTests.swift in Sources */,
			);
			runOnlyForDeploymentPostprocessing = 0;
		};
/* End PBXSourcesBuildPhase section */

/* Begin PBXTargetDependency section */
		1089BF941E708553006E091A /* PBXTargetDependency */ = {
			isa = PBXTargetDependency;
			target = 1089BF7D1E708553006E091A /* Salsette */;
			targetProxy = 1089BF931E708553006E091A /* PBXContainerItemProxy */;
		};
/* End PBXTargetDependency section */

/* Begin PBXVariantGroup section */
		1089BF851E708553006E091A /* Search.storyboard */ = {
			isa = PBXVariantGroup;
			children = (
				1089BF861E708553006E091A /* Base */,
			);
			name = Search.storyboard;
			sourceTree = "<group>";
		};
		1089BF8A1E708553006E091A /* LaunchScreen.storyboard */ = {
			isa = PBXVariantGroup;
			children = (
				1089BF8B1E708553006E091A /* Base */,
			);
			name = LaunchScreen.storyboard;
			sourceTree = "<group>";
		};
/* End PBXVariantGroup section */

/* Begin XCBuildConfiguration section */
		1089BF991E708553006E091A /* Debug */ = {
			isa = XCBuildConfiguration;
			buildSettings = {
				ALWAYS_SEARCH_USER_PATHS = NO;
				CLANG_ANALYZER_NONNULL = YES;
				CLANG_CXX_LANGUAGE_STANDARD = "gnu++0x";
				CLANG_CXX_LIBRARY = "libc++";
				CLANG_ENABLE_MODULES = YES;
				CLANG_ENABLE_OBJC_ARC = YES;
				CLANG_WARN_BOOL_CONVERSION = YES;
				CLANG_WARN_CONSTANT_CONVERSION = YES;
				CLANG_WARN_DIRECT_OBJC_ISA_USAGE = YES_ERROR;
				CLANG_WARN_DOCUMENTATION_COMMENTS = YES;
				CLANG_WARN_EMPTY_BODY = YES;
				CLANG_WARN_ENUM_CONVERSION = YES;
				CLANG_WARN_INFINITE_RECURSION = YES;
				CLANG_WARN_INT_CONVERSION = YES;
				CLANG_WARN_OBJC_ROOT_CLASS = YES_ERROR;
				CLANG_WARN_SUSPICIOUS_MOVE = YES;
				CLANG_WARN_UNREACHABLE_CODE = YES;
				CLANG_WARN__DUPLICATE_METHOD_MATCH = YES;
				"CODE_SIGN_IDENTITY[sdk=iphoneos*]" = "iPhone Developer";
				COPY_PHASE_STRIP = NO;
				DEBUG_INFORMATION_FORMAT = dwarf;
				ENABLE_STRICT_OBJC_MSGSEND = YES;
				ENABLE_TESTABILITY = YES;
				GCC_C_LANGUAGE_STANDARD = gnu99;
				GCC_DYNAMIC_NO_PIC = NO;
				GCC_NO_COMMON_BLOCKS = YES;
				GCC_OPTIMIZATION_LEVEL = 0;
				GCC_PREPROCESSOR_DEFINITIONS = (
					"DEBUG=1",
					"$(inherited)",
				);
				GCC_WARN_64_TO_32_BIT_CONVERSION = YES;
				GCC_WARN_ABOUT_RETURN_TYPE = YES_ERROR;
				GCC_WARN_UNDECLARED_SELECTOR = YES;
				GCC_WARN_UNINITIALIZED_AUTOS = YES_AGGRESSIVE;
				GCC_WARN_UNUSED_FUNCTION = YES;
				GCC_WARN_UNUSED_VARIABLE = YES;
				IPHONEOS_DEPLOYMENT_TARGET = 10.2;
				MTL_ENABLE_DEBUG_INFO = YES;
				ONLY_ACTIVE_ARCH = YES;
				SDKROOT = iphoneos;
				SWIFT_ACTIVE_COMPILATION_CONDITIONS = DEBUG;
				SWIFT_OPTIMIZATION_LEVEL = "-Onone";
				TARGETED_DEVICE_FAMILY = "1,2";
			};
			name = Debug;
		};
		1089BF9A1E708554006E091A /* Release */ = {
			isa = XCBuildConfiguration;
			buildSettings = {
				ALWAYS_SEARCH_USER_PATHS = NO;
				CLANG_ANALYZER_NONNULL = YES;
				CLANG_CXX_LANGUAGE_STANDARD = "gnu++0x";
				CLANG_CXX_LIBRARY = "libc++";
				CLANG_ENABLE_MODULES = YES;
				CLANG_ENABLE_OBJC_ARC = YES;
				CLANG_WARN_BOOL_CONVERSION = YES;
				CLANG_WARN_CONSTANT_CONVERSION = YES;
				CLANG_WARN_DIRECT_OBJC_ISA_USAGE = YES_ERROR;
				CLANG_WARN_DOCUMENTATION_COMMENTS = YES;
				CLANG_WARN_EMPTY_BODY = YES;
				CLANG_WARN_ENUM_CONVERSION = YES;
				CLANG_WARN_INFINITE_RECURSION = YES;
				CLANG_WARN_INT_CONVERSION = YES;
				CLANG_WARN_OBJC_ROOT_CLASS = YES_ERROR;
				CLANG_WARN_SUSPICIOUS_MOVE = YES;
				CLANG_WARN_UNREACHABLE_CODE = YES;
				CLANG_WARN__DUPLICATE_METHOD_MATCH = YES;
				"CODE_SIGN_IDENTITY[sdk=iphoneos*]" = "iPhone Developer";
				COPY_PHASE_STRIP = NO;
				DEBUG_INFORMATION_FORMAT = "dwarf-with-dsym";
				ENABLE_NS_ASSERTIONS = NO;
				ENABLE_STRICT_OBJC_MSGSEND = YES;
				GCC_C_LANGUAGE_STANDARD = gnu99;
				GCC_NO_COMMON_BLOCKS = YES;
				GCC_WARN_64_TO_32_BIT_CONVERSION = YES;
				GCC_WARN_ABOUT_RETURN_TYPE = YES_ERROR;
				GCC_WARN_UNDECLARED_SELECTOR = YES;
				GCC_WARN_UNINITIALIZED_AUTOS = YES_AGGRESSIVE;
				GCC_WARN_UNUSED_FUNCTION = YES;
				GCC_WARN_UNUSED_VARIABLE = YES;
				IPHONEOS_DEPLOYMENT_TARGET = 10.2;
				MTL_ENABLE_DEBUG_INFO = NO;
				SDKROOT = iphoneos;
				SWIFT_OPTIMIZATION_LEVEL = "-Owholemodule";
				TARGETED_DEVICE_FAMILY = "1,2";
				VALIDATE_PRODUCT = YES;
			};
			name = Release;
		};
		1089BF9C1E708554006E091A /* Debug */ = {
			isa = XCBuildConfiguration;
			baseConfigurationReference = A26ECBEDA3D5B5A569304D7F /* Pods-Salsette.debug.xcconfig */;
			buildSettings = {
				ALWAYS_EMBED_SWIFT_STANDARD_LIBRARIES = YES;
				ASSETCATALOG_COMPILER_APPICON_NAME = AppIcon;
				CODE_SIGN_ENTITLEMENTS = Salsette/Salsette.entitlements;
				DEVELOPMENT_TEAM = HQQ63777MM;
				INFOPLIST_FILE = Salsette/Info.plist;
				LD_RUNPATH_SEARCH_PATHS = "$(inherited) @executable_path/Frameworks";
				PRODUCT_BUNDLE_IDENTIFIER = com.mk.Salsette;
				PRODUCT_NAME = "$(TARGET_NAME)";
				SWIFT_VERSION = 3.0;
			};
			name = Debug;
		};
		1089BF9D1E708554006E091A /* Release */ = {
			isa = XCBuildConfiguration;
			baseConfigurationReference = 3116C0615A92BACF892E9C63 /* Pods-Salsette.release.xcconfig */;
			buildSettings = {
				ALWAYS_EMBED_SWIFT_STANDARD_LIBRARIES = YES;
				ASSETCATALOG_COMPILER_APPICON_NAME = AppIcon;
				CODE_SIGN_ENTITLEMENTS = Salsette/Salsette.entitlements;
				DEVELOPMENT_TEAM = HQQ63777MM;
				INFOPLIST_FILE = Salsette/Info.plist;
				LD_RUNPATH_SEARCH_PATHS = "$(inherited) @executable_path/Frameworks";
				PRODUCT_BUNDLE_IDENTIFIER = com.mk.Salsette;
				PRODUCT_NAME = "$(TARGET_NAME)";
				SWIFT_VERSION = 3.0;
			};
			name = Release;
		};
		1089BF9F1E708554006E091A /* Debug */ = {
			isa = XCBuildConfiguration;
			buildSettings = {
				ALWAYS_EMBED_SWIFT_STANDARD_LIBRARIES = YES;
				BUNDLE_LOADER = "$(TEST_HOST)";
				DEVELOPMENT_TEAM = HQQ63777MM;
				INFOPLIST_FILE = SalsetteTests/Info.plist;
				LD_RUNPATH_SEARCH_PATHS = "$(inherited) @executable_path/Frameworks @loader_path/Frameworks";
				PRODUCT_BUNDLE_IDENTIFIER = com.mk.SalsetteTests;
				PRODUCT_NAME = "$(TARGET_NAME)";
				SWIFT_VERSION = 3.0;
				TEST_HOST = "$(BUILT_PRODUCTS_DIR)/Salsette.app/Salsette";
			};
			name = Debug;
		};
		1089BFA01E708554006E091A /* Release */ = {
			isa = XCBuildConfiguration;
			buildSettings = {
				ALWAYS_EMBED_SWIFT_STANDARD_LIBRARIES = YES;
				BUNDLE_LOADER = "$(TEST_HOST)";
				DEVELOPMENT_TEAM = HQQ63777MM;
				INFOPLIST_FILE = SalsetteTests/Info.plist;
				LD_RUNPATH_SEARCH_PATHS = "$(inherited) @executable_path/Frameworks @loader_path/Frameworks";
				PRODUCT_BUNDLE_IDENTIFIER = com.mk.SalsetteTests;
				PRODUCT_NAME = "$(TARGET_NAME)";
				SWIFT_VERSION = 3.0;
				TEST_HOST = "$(BUILT_PRODUCTS_DIR)/Salsette.app/Salsette";
			};
			name = Release;
		};
/* End XCBuildConfiguration section */

/* Begin XCConfigurationList section */
		1089BF791E708553006E091A /* Build configuration list for PBXProject "Salsette" */ = {
			isa = XCConfigurationList;
			buildConfigurations = (
				1089BF991E708553006E091A /* Debug */,
				1089BF9A1E708554006E091A /* Release */,
			);
			defaultConfigurationIsVisible = 0;
			defaultConfigurationName = Release;
		};
		1089BF9B1E708554006E091A /* Build configuration list for PBXNativeTarget "Salsette" */ = {
			isa = XCConfigurationList;
			buildConfigurations = (
				1089BF9C1E708554006E091A /* Debug */,
				1089BF9D1E708554006E091A /* Release */,
			);
			defaultConfigurationIsVisible = 0;
			defaultConfigurationName = Release;
		};
		1089BF9E1E708554006E091A /* Build configuration list for PBXNativeTarget "SalsetteTests" */ = {
			isa = XCConfigurationList;
			buildConfigurations = (
				1089BF9F1E708554006E091A /* Debug */,
				1089BFA01E708554006E091A /* Release */,
			);
			defaultConfigurationIsVisible = 0;
			defaultConfigurationName = Release;
		};
/* End XCConfigurationList section */
	};
	rootObject = 1089BF761E708553006E091A /* Project object */;
}
