// !$*UTF8*$!
{
	archiveVersion = 1;
	classes = {
	};
	objectVersion = 46;
	objects = {

/* Begin PBXBuildFile section */
		0451611E9933FDA98F22AA50 /* Pods_Salsette.framework in Frameworks */ = {isa = PBXBuildFile; fileRef = E4A7EBEAF4AC4F4083A3DDE9 /* Pods_Salsette.framework */; };
		100038811F546FCB003CA1BC /* CreateEventInteractor.swift in Sources */ = {isa = PBXBuildFile; fileRef = 100038801F546FCB003CA1BC /* CreateEventInteractor.swift */; };
		10145821201BA91B00198F70 /* LocationSearchViewController.swift in Sources */ = {isa = PBXBuildFile; fileRef = 10145820201BA91B00198F70 /* LocationSearchViewController.swift */; };
		1033E52B1E7589BA002D1615 /* Calendar.swift in Sources */ = {isa = PBXBuildFile; fileRef = 1033E52A1E7589BA002D1615 /* Calendar.swift */; };
		1033E5441E75AAB3002D1615 /* UIFont+Appfonts.swift in Sources */ = {isa = PBXBuildFile; fileRef = 1033E5431E75AAB3002D1615 /* UIFont+Appfonts.swift */; };
		1033E54B1E75AB21002D1615 /* Main.storyboard in Resources */ = {isa = PBXBuildFile; fileRef = 1033E54A1E75AB21002D1615 /* Main.storyboard */; };
		1033E5541E75C7AA002D1615 /* String.swift in Sources */ = {isa = PBXBuildFile; fileRef = 1033E5511E75C7AA002D1615 /* String.swift */; };
		1033E5571E79CA44002D1615 /* Calendar.xcassets in Resources */ = {isa = PBXBuildFile; fileRef = 1033E5561E79CA44002D1615 /* Calendar.xcassets */; };
		103A90D71F77EBB60092863B /* CreateEventPresenter.swift in Sources */ = {isa = PBXBuildFile; fileRef = 103A90D61F77EBB60092863B /* CreateEventPresenter.swift */; };
		104A1A161F547D1E001A111B /* Events.graphql in Resources */ = {isa = PBXBuildFile; fileRef = 104A1A151F547D1E001A111B /* Events.graphql */; };
		104A1A181F547F5B001A111B /* schema.json in Resources */ = {isa = PBXBuildFile; fileRef = 104A1A171F547F5B001A111B /* schema.json */; };
		1053CA081EF261230034844A /* SwappingCollectionView.swift in Sources */ = {isa = PBXBuildFile; fileRef = 1053CA071EF261230034844A /* SwappingCollectionView.swift */; };
		1053CA0A1EF46C370034844A /* Array.swift in Sources */ = {isa = PBXBuildFile; fileRef = 1053CA091EF46C370034844A /* Array.swift */; };
		1053CA0D1EF52D7E0034844A /* WorkshopCells.swift in Sources */ = {isa = PBXBuildFile; fileRef = 1053CA0C1EF52D7E0034844A /* WorkshopCells.swift */; };
		106306AE1E8B951C0089DA00 /* Calendar.xib in Resources */ = {isa = PBXBuildFile; fileRef = 106306AD1E8B951C0089DA00 /* Calendar.xib */; };
		106306B41E8CE3BF0089DA00 /* ContentEntity.swift in Sources */ = {isa = PBXBuildFile; fileRef = 106306B31E8CE3BF0089DA00 /* ContentEntity.swift */; };
		106306BC1E8E99600089DA00 /* ProfileViewController.swift in Sources */ = {isa = PBXBuildFile; fileRef = 106306BB1E8E99600089DA00 /* ProfileViewController.swift */; };
		1068D2DA1FCCAD3D005A9A95 /* NSError.swift in Sources */ = {isa = PBXBuildFile; fileRef = 1068D2D91FCCAD3D005A9A95 /* NSError.swift */; };
		106EAF3B1E92DFA8004686B5 /* DateFormatters.swift in Sources */ = {isa = PBXBuildFile; fileRef = 106EAF3A1E92DFA8004686B5 /* DateFormatters.swift */; };
		106EAF3E1E92E3B1004686B5 /* ImageDownloader.swift in Sources */ = {isa = PBXBuildFile; fileRef = 106EAF3D1E92E3B1004686B5 /* ImageDownloader.swift */; };
		106EAF401E93200D004686B5 /* SwiftyJSON.swift in Sources */ = {isa = PBXBuildFile; fileRef = 106EAF3F1E93200D004686B5 /* SwiftyJSON.swift */; };
		106EAF441E94333E004686B5 /* Auth0.plist in Resources */ = {isa = PBXBuildFile; fileRef = 106EAF431E94333D004686B5 /* Auth0.plist */; };
		106EB0281E94636E004686B5 /* API.swift in Sources */ = {isa = PBXBuildFile; fileRef = 106EB0271E94636E004686B5 /* API.swift */; };
		106EB02C1E94661A004686B5 /* CurrentUser.graphql in Resources */ = {isa = PBXBuildFile; fileRef = 106EB02B1E94661A004686B5 /* CurrentUser.graphql */; };
		1089BF821E708553006E091A /* AppDelegate.swift in Sources */ = {isa = PBXBuildFile; fileRef = 1089BF811E708553006E091A /* AppDelegate.swift */; };
		1089BF841E708553006E091A /* SearchViewController.swift in Sources */ = {isa = PBXBuildFile; fileRef = 1089BF831E708553006E091A /* SearchViewController.swift */; };
		1089BF891E708553006E091A /* Assets.xcassets in Resources */ = {isa = PBXBuildFile; fileRef = 1089BF881E708553006E091A /* Assets.xcassets */; };
		1089BF8C1E708553006E091A /* LaunchScreen.storyboard in Resources */ = {isa = PBXBuildFile; fileRef = 1089BF8A1E708553006E091A /* LaunchScreen.storyboard */; };
		108D142D1F102E5C0056749B /* SearchResultsCollectionViewLayout.swift in Sources */ = {isa = PBXBuildFile; fileRef = 108D142C1F102E5C0056749B /* SearchResultsCollectionViewLayout.swift */; };
		108D142F1F102EF90056749B /* UICollectionViewFlowLayout.swift in Sources */ = {isa = PBXBuildFile; fileRef = 108D142E1F102EF90056749B /* UICollectionViewFlowLayout.swift */; };
		10964C451E82E66300CDFE3F /* DummySearchDatSource.swift in Sources */ = {isa = PBXBuildFile; fileRef = 10964C441E82E66300CDFE3F /* DummySearchDatSource.swift */; };
		10986844201BD7D400C571F2 /* LocationRefineViewController.swift in Sources */ = {isa = PBXBuildFile; fileRef = 10986843201BD7D400C571F2 /* LocationRefineViewController.swift */; };
		109AFB5C1E902EA700E424F6 /* FacebookPermissions.swift in Sources */ = {isa = PBXBuildFile; fileRef = 109AFB5B1E902EA700E424F6 /* FacebookPermissions.swift */; };
		10ACDD791EFE7E09007B6F1A /* SearchInteractor.swift in Sources */ = {isa = PBXBuildFile; fileRef = 10ACDD781EFE7E09007B6F1A /* SearchInteractor.swift */; };
		10ACDD7B1F02E310007B6F1A /* UINavigationController.swift in Sources */ = {isa = PBXBuildFile; fileRef = 10ACDD7A1F02E310007B6F1A /* UINavigationController.swift */; };
		10AD82311EF5C83A0060F020 /* Date.swift in Sources */ = {isa = PBXBuildFile; fileRef = 10AD82301EF5C83A0060F020 /* Date.swift */; };
		10B9AF761E7DA2900033A6BF /* UImage+Additions.swift in Sources */ = {isa = PBXBuildFile; fileRef = 10B9AF751E7DA2900033A6BF /* UImage+Additions.swift */; };
		10B9AF781E7E96870033A6BF /* CGSize+Additions.swift in Sources */ = {isa = PBXBuildFile; fileRef = 10B9AF771E7E96870033A6BF /* CGSize+Additions.swift */; };
		10BE40AC1EE31E58006D3DAC /* CreateWorkshopViewController.swift in Sources */ = {isa = PBXBuildFile; fileRef = 10BE40AB1EE31E58006D3DAC /* CreateWorkshopViewController.swift */; };
		10C705D42014BAF100D90B6B /* SearchController.swift in Sources */ = {isa = PBXBuildFile; fileRef = 10C705D32014BAF100D90B6B /* SearchController.swift */; };
		10D3EB8F1FFAD30A00E3CC78 /* SearchParameters.swift in Sources */ = {isa = PBXBuildFile; fileRef = 10D3EB8E1FFAD30A00E3CC78 /* SearchParameters.swift */; };
		10D733431E728E7600F47A52 /* UIStoryboard+Functions.swift in Sources */ = {isa = PBXBuildFile; fileRef = 10D733421E728E7600F47A52 /* UIStoryboard+Functions.swift */; };
		10D7CEBE1FDCA94600E71EBB /* GraphModel.swift in Sources */ = {isa = PBXBuildFile; fileRef = 10D7CEBD1FDCA94600E71EBB /* GraphModel.swift */; };
		10D8D8651ED9DB3B008A5A76 /* PassThroughView.swift in Sources */ = {isa = PBXBuildFile; fileRef = 10D8D8641ED9DB3B008A5A76 /* PassThroughView.swift */; };
		10D8D8681ED9DCAE008A5A76 /* InputAccessoryView.swift in Sources */ = {isa = PBXBuildFile; fileRef = 10D8D8671ED9DCAE008A5A76 /* InputAccessoryView.swift */; };
		10D8D86A1ED9E489008A5A76 /* InputAccessoryView.xib in Resources */ = {isa = PBXBuildFile; fileRef = 10D8D8691ED9E489008A5A76 /* InputAccessoryView.xib */; };
		10D8D86C1EE0D0F6008A5A76 /* WorkshopsLayout.swift in Sources */ = {isa = PBXBuildFile; fileRef = 10D8D86B1EE0D0F6008A5A76 /* WorkshopsLayout.swift */; };
		10DA93231EAA00C10054F338 /* ProfileInteractor.swift in Sources */ = {isa = PBXBuildFile; fileRef = 10DA93221EAA00C10054F338 /* ProfileInteractor.swift */; };
		10DA93251EAA08B40054F338 /* UserCells.swift in Sources */ = {isa = PBXBuildFile; fileRef = 10DA93241EAA08B40054F338 /* UserCells.swift */; };
		10FCD6EA1FC056B000856889 /* SearchPresenter.swift in Sources */ = {isa = PBXBuildFile; fileRef = 10FCD6E91FC056B000856889 /* SearchPresenter.swift */; };
		10FCD6EC1FC1952A00856889 /* GraphCreateAccountViewController.swift in Sources */ = {isa = PBXBuildFile; fileRef = 10FCD6EB1FC1952A00856889 /* GraphCreateAccountViewController.swift */; };
		10FDAA6C1FDD66280023800E /* FacebookEventEntity.swift in Sources */ = {isa = PBXBuildFile; fileRef = 10FDAA6B1FDD66280023800E /* FacebookEventEntity.swift */; };
		FB136E691E989EEA00A5F1E4 /* Auth0Manager.swift in Sources */ = {isa = PBXBuildFile; fileRef = FB136E681E989EEA00A5F1E4 /* Auth0Manager.swift */; };
		FB136E6B1E989FCA00A5F1E4 /* UIAlertController+Loading.swift in Sources */ = {isa = PBXBuildFile; fileRef = FB136E6A1E989FCA00A5F1E4 /* UIAlertController+Loading.swift */; };
		FB420F2D1EA5138F0022380D /* CreateEventViewController.swift in Sources */ = {isa = PBXBuildFile; fileRef = FB420F2C1EA5138F0022380D /* CreateEventViewController.swift */; };
		FB420F2F1EA7AA830022380D /* FacebookService.swift in Sources */ = {isa = PBXBuildFile; fileRef = FB420F2E1EA7AA830022380D /* FacebookService.swift */; };
		FB6756C91EB45E6600B2E4D5 /* SearchTutorial.swift in Sources */ = {isa = PBXBuildFile; fileRef = FB6756C41EB45E6600B2E4D5 /* SearchTutorial.swift */; };
		FB6756CB1EB45E6600B2E4D5 /* HomeCell.swift in Sources */ = {isa = PBXBuildFile; fileRef = FB6756C61EB45E6600B2E4D5 /* HomeCell.swift */; };
		FB6756CD1EB45E6600B2E4D5 /* EventViewController.swift in Sources */ = {isa = PBXBuildFile; fileRef = FB6756C81EB45E6600B2E4D5 /* EventViewController.swift */; };
		FB6756CF1EB45EDF00B2E4D5 /* Salsette.xcassets in Resources */ = {isa = PBXBuildFile; fileRef = FB6756CE1EB45EDF00B2E4D5 /* Salsette.xcassets */; };
		FB6756D11EB45FFC00B2E4D5 /* UIView+Hero.swift in Sources */ = {isa = PBXBuildFile; fileRef = FB6756D01EB45FFC00B2E4D5 /* UIView+Hero.swift */; };
		FB6D92081EBBD26900025CD8 /* PickerLabel.swift in Sources */ = {isa = PBXBuildFile; fileRef = FB6D92071EBBD26900025CD8 /* PickerLabel.swift */; };
		FB6D920A1EBBD97300025CD8 /* WorkshopsEditViewController.swift in Sources */ = {isa = PBXBuildFile; fileRef = FB6D92091EBBD97300025CD8 /* WorkshopsEditViewController.swift */; };
		FB6D920C1EBBD9A100025CD8 /* ScheduleEditViewController.swift in Sources */ = {isa = PBXBuildFile; fileRef = FB6D920B1EBBD9A100025CD8 /* ScheduleEditViewController.swift */; };
		FBB7DFBC1EA8A8DE006C0D54 /* SelectFacebookEventInteractor.swift in Sources */ = {isa = PBXBuildFile; fileRef = FBB7DFBB1EA8A8DE006C0D54 /* SelectFacebookEventInteractor.swift */; };
		FBF5A9C21E959FA0000CED7A /* GraphManager.swift in Sources */ = {isa = PBXBuildFile; fileRef = FBF5A9C11E959FA0000CED7A /* GraphManager.swift */; };
		FBF5A9C61E977810000CED7A /* KeychainStorage.swift in Sources */ = {isa = PBXBuildFile; fileRef = FBF5A9C51E977810000CED7A /* KeychainStorage.swift */; };
/* End PBXBuildFile section */

/* Begin PBXContainerItemProxy section */
		1089BF931E708553006E091A /* PBXContainerItemProxy */ = {
			isa = PBXContainerItemProxy;
			containerPortal = 1089BF761E708553006E091A /* Project object */;
			proxyType = 1;
			remoteGlobalIDString = 1089BF7D1E708553006E091A;
			remoteInfo = Salsette;
		};
/* End PBXContainerItemProxy section */

/* Begin PBXFileReference section */
		100038801F546FCB003CA1BC /* CreateEventInteractor.swift */ = {isa = PBXFileReference; fileEncoding = 4; lastKnownFileType = sourcecode.swift; path = CreateEventInteractor.swift; sourceTree = "<group>"; };
		10145820201BA91B00198F70 /* LocationSearchViewController.swift */ = {isa = PBXFileReference; lastKnownFileType = sourcecode.swift; path = LocationSearchViewController.swift; sourceTree = "<group>"; };
		1033E52A1E7589BA002D1615 /* Calendar.swift */ = {isa = PBXFileReference; fileEncoding = 4; lastKnownFileType = sourcecode.swift; path = Calendar.swift; sourceTree = "<group>"; };
		1033E5431E75AAB3002D1615 /* UIFont+Appfonts.swift */ = {isa = PBXFileReference; fileEncoding = 4; lastKnownFileType = sourcecode.swift; path = "UIFont+Appfonts.swift"; sourceTree = "<group>"; };
		1033E54A1E75AB21002D1615 /* Main.storyboard */ = {isa = PBXFileReference; fileEncoding = 4; lastKnownFileType = file.storyboard; path = Main.storyboard; sourceTree = "<group>"; };
		1033E5511E75C7AA002D1615 /* String.swift */ = {isa = PBXFileReference; fileEncoding = 4; lastKnownFileType = sourcecode.swift; path = String.swift; sourceTree = "<group>"; };
		1033E5551E79C2C4002D1615 /* Objc-Bridge-Header.h */ = {isa = PBXFileReference; lastKnownFileType = sourcecode.c.h; path = "Objc-Bridge-Header.h"; sourceTree = "<group>"; };
		1033E5561E79CA44002D1615 /* Calendar.xcassets */ = {isa = PBXFileReference; lastKnownFileType = folder.assetcatalog; path = Calendar.xcassets; sourceTree = "<group>"; };
		103A90D61F77EBB60092863B /* CreateEventPresenter.swift */ = {isa = PBXFileReference; fileEncoding = 4; lastKnownFileType = sourcecode.swift; path = CreateEventPresenter.swift; sourceTree = "<group>"; };
		104A1A151F547D1E001A111B /* Events.graphql */ = {isa = PBXFileReference; fileEncoding = 4; lastKnownFileType = text; path = Events.graphql; sourceTree = "<group>"; };
		104A1A171F547F5B001A111B /* schema.json */ = {isa = PBXFileReference; fileEncoding = 4; lastKnownFileType = text.json; path = schema.json; sourceTree = "<group>"; };
		1053CA071EF261230034844A /* SwappingCollectionView.swift */ = {isa = PBXFileReference; fileEncoding = 4; lastKnownFileType = sourcecode.swift; path = SwappingCollectionView.swift; sourceTree = "<group>"; };
		1053CA091EF46C370034844A /* Array.swift */ = {isa = PBXFileReference; fileEncoding = 4; lastKnownFileType = sourcecode.swift; path = Array.swift; sourceTree = "<group>"; };
		1053CA0C1EF52D7E0034844A /* WorkshopCells.swift */ = {isa = PBXFileReference; fileEncoding = 4; lastKnownFileType = sourcecode.swift; path = WorkshopCells.swift; sourceTree = "<group>"; };
		106306AD1E8B951C0089DA00 /* Calendar.xib */ = {isa = PBXFileReference; fileEncoding = 4; lastKnownFileType = file.xib; path = Calendar.xib; sourceTree = "<group>"; };
		106306B31E8CE3BF0089DA00 /* ContentEntity.swift */ = {isa = PBXFileReference; fileEncoding = 4; lastKnownFileType = sourcecode.swift; path = ContentEntity.swift; sourceTree = "<group>"; };
		106306BB1E8E99600089DA00 /* ProfileViewController.swift */ = {isa = PBXFileReference; fileEncoding = 4; lastKnownFileType = sourcecode.swift; path = ProfileViewController.swift; sourceTree = "<group>"; };
		1068D2D91FCCAD3D005A9A95 /* NSError.swift */ = {isa = PBXFileReference; lastKnownFileType = sourcecode.swift; path = NSError.swift; sourceTree = "<group>"; };
		106EAF3A1E92DFA8004686B5 /* DateFormatters.swift */ = {isa = PBXFileReference; fileEncoding = 4; lastKnownFileType = sourcecode.swift; path = DateFormatters.swift; sourceTree = "<group>"; };
		106EAF3D1E92E3B1004686B5 /* ImageDownloader.swift */ = {isa = PBXFileReference; fileEncoding = 4; lastKnownFileType = sourcecode.swift; path = ImageDownloader.swift; sourceTree = "<group>"; };
		106EAF3F1E93200D004686B5 /* SwiftyJSON.swift */ = {isa = PBXFileReference; fileEncoding = 4; lastKnownFileType = sourcecode.swift; path = SwiftyJSON.swift; sourceTree = "<group>"; };
		106EAF431E94333D004686B5 /* Auth0.plist */ = {isa = PBXFileReference; fileEncoding = 4; lastKnownFileType = text.plist.xml; path = Auth0.plist; sourceTree = "<group>"; };
		106EB0271E94636E004686B5 /* API.swift */ = {isa = PBXFileReference; fileEncoding = 4; lastKnownFileType = sourcecode.swift; path = API.swift; sourceTree = "<group>"; };
		106EB02B1E94661A004686B5 /* CurrentUser.graphql */ = {isa = PBXFileReference; fileEncoding = 4; lastKnownFileType = text; path = CurrentUser.graphql; sourceTree = "<group>"; };
		1089BF7E1E708553006E091A /* Salsette.app */ = {isa = PBXFileReference; explicitFileType = wrapper.application; includeInIndex = 0; path = Salsette.app; sourceTree = BUILT_PRODUCTS_DIR; };
		1089BF811E708553006E091A /* AppDelegate.swift */ = {isa = PBXFileReference; lastKnownFileType = sourcecode.swift; path = AppDelegate.swift; sourceTree = "<group>"; };
		1089BF831E708553006E091A /* SearchViewController.swift */ = {isa = PBXFileReference; lastKnownFileType = sourcecode.swift; path = SearchViewController.swift; sourceTree = "<group>"; };
		1089BF881E708553006E091A /* Assets.xcassets */ = {isa = PBXFileReference; lastKnownFileType = folder.assetcatalog; path = Assets.xcassets; sourceTree = "<group>"; };
		1089BF8B1E708553006E091A /* Base */ = {isa = PBXFileReference; lastKnownFileType = file.storyboard; name = Base; path = Base.lproj/LaunchScreen.storyboard; sourceTree = "<group>"; };
		1089BF8D1E708553006E091A /* Info.plist */ = {isa = PBXFileReference; lastKnownFileType = text.plist.xml; path = Info.plist; sourceTree = "<group>"; };
		1089BF921E708553006E091A /* SalsetteTests.xctest */ = {isa = PBXFileReference; explicitFileType = wrapper.cfbundle; includeInIndex = 0; path = SalsetteTests.xctest; sourceTree = BUILT_PRODUCTS_DIR; };
		1089BF981E708553006E091A /* Info.plist */ = {isa = PBXFileReference; lastKnownFileType = text.plist.xml; path = Info.plist; sourceTree = "<group>"; };
		108D142C1F102E5C0056749B /* SearchResultsCollectionViewLayout.swift */ = {isa = PBXFileReference; fileEncoding = 4; lastKnownFileType = sourcecode.swift; path = SearchResultsCollectionViewLayout.swift; sourceTree = "<group>"; };
		108D142E1F102EF90056749B /* UICollectionViewFlowLayout.swift */ = {isa = PBXFileReference; fileEncoding = 4; lastKnownFileType = sourcecode.swift; path = UICollectionViewFlowLayout.swift; sourceTree = "<group>"; };
		10964C441E82E66300CDFE3F /* DummySearchDatSource.swift */ = {isa = PBXFileReference; fileEncoding = 4; lastKnownFileType = sourcecode.swift; path = DummySearchDatSource.swift; sourceTree = "<group>"; };
		10986843201BD7D400C571F2 /* LocationRefineViewController.swift */ = {isa = PBXFileReference; lastKnownFileType = sourcecode.swift; path = LocationRefineViewController.swift; sourceTree = "<group>"; };
		109AFB581E8F98B500E424F6 /* Salsette.entitlements */ = {isa = PBXFileReference; lastKnownFileType = text.plist.entitlements; path = Salsette.entitlements; sourceTree = "<group>"; };
		109AFB5B1E902EA700E424F6 /* FacebookPermissions.swift */ = {isa = PBXFileReference; fileEncoding = 4; lastKnownFileType = sourcecode.swift; path = FacebookPermissions.swift; sourceTree = "<group>"; };
		10ACDD781EFE7E09007B6F1A /* SearchInteractor.swift */ = {isa = PBXFileReference; fileEncoding = 4; lastKnownFileType = sourcecode.swift; path = SearchInteractor.swift; sourceTree = "<group>"; };
		10ACDD7A1F02E310007B6F1A /* UINavigationController.swift */ = {isa = PBXFileReference; fileEncoding = 4; lastKnownFileType = sourcecode.swift; path = UINavigationController.swift; sourceTree = "<group>"; };
		10AD82301EF5C83A0060F020 /* Date.swift */ = {isa = PBXFileReference; fileEncoding = 4; lastKnownFileType = sourcecode.swift; path = Date.swift; sourceTree = "<group>"; };
		10B9AF751E7DA2900033A6BF /* UImage+Additions.swift */ = {isa = PBXFileReference; fileEncoding = 4; lastKnownFileType = sourcecode.swift; path = "UImage+Additions.swift"; sourceTree = "<group>"; };
		10B9AF771E7E96870033A6BF /* CGSize+Additions.swift */ = {isa = PBXFileReference; fileEncoding = 4; lastKnownFileType = sourcecode.swift; path = "CGSize+Additions.swift"; sourceTree = "<group>"; };
		10BE40AB1EE31E58006D3DAC /* CreateWorkshopViewController.swift */ = {isa = PBXFileReference; fileEncoding = 4; lastKnownFileType = sourcecode.swift; path = CreateWorkshopViewController.swift; sourceTree = "<group>"; };
		10C705D32014BAF100D90B6B /* SearchController.swift */ = {isa = PBXFileReference; lastKnownFileType = sourcecode.swift; path = SearchController.swift; sourceTree = "<group>"; };
		10D3EB8E1FFAD30A00E3CC78 /* SearchParameters.swift */ = {isa = PBXFileReference; lastKnownFileType = sourcecode.swift; path = SearchParameters.swift; sourceTree = "<group>"; };
		10D733421E728E7600F47A52 /* UIStoryboard+Functions.swift */ = {isa = PBXFileReference; fileEncoding = 4; lastKnownFileType = sourcecode.swift; path = "UIStoryboard+Functions.swift"; sourceTree = "<group>"; };
		10D7CEBD1FDCA94600E71EBB /* GraphModel.swift */ = {isa = PBXFileReference; lastKnownFileType = sourcecode.swift; path = GraphModel.swift; sourceTree = "<group>"; };
		10D8D8641ED9DB3B008A5A76 /* PassThroughView.swift */ = {isa = PBXFileReference; fileEncoding = 4; lastKnownFileType = sourcecode.swift; path = PassThroughView.swift; sourceTree = "<group>"; };
		10D8D8671ED9DCAE008A5A76 /* InputAccessoryView.swift */ = {isa = PBXFileReference; fileEncoding = 4; lastKnownFileType = sourcecode.swift; path = InputAccessoryView.swift; sourceTree = "<group>"; };
		10D8D8691ED9E489008A5A76 /* InputAccessoryView.xib */ = {isa = PBXFileReference; fileEncoding = 4; lastKnownFileType = file.xib; path = InputAccessoryView.xib; sourceTree = "<group>"; };
		10D8D86B1EE0D0F6008A5A76 /* WorkshopsLayout.swift */ = {isa = PBXFileReference; fileEncoding = 4; lastKnownFileType = sourcecode.swift; path = WorkshopsLayout.swift; sourceTree = "<group>"; };
		10DA93221EAA00C10054F338 /* ProfileInteractor.swift */ = {isa = PBXFileReference; fileEncoding = 4; lastKnownFileType = sourcecode.swift; path = ProfileInteractor.swift; sourceTree = "<group>"; };
		10DA93241EAA08B40054F338 /* UserCells.swift */ = {isa = PBXFileReference; fileEncoding = 4; lastKnownFileType = sourcecode.swift; path = UserCells.swift; sourceTree = "<group>"; };
		10FCD6E91FC056B000856889 /* SearchPresenter.swift */ = {isa = PBXFileReference; lastKnownFileType = sourcecode.swift; path = SearchPresenter.swift; sourceTree = "<group>"; };
		10FCD6EB1FC1952A00856889 /* GraphCreateAccountViewController.swift */ = {isa = PBXFileReference; lastKnownFileType = sourcecode.swift; path = GraphCreateAccountViewController.swift; sourceTree = "<group>"; };
		10FDAA6B1FDD66280023800E /* FacebookEventEntity.swift */ = {isa = PBXFileReference; lastKnownFileType = sourcecode.swift; path = FacebookEventEntity.swift; sourceTree = "<group>"; };
		3116C0615A92BACF892E9C63 /* Pods-Salsette.release.xcconfig */ = {isa = PBXFileReference; includeInIndex = 1; lastKnownFileType = text.xcconfig; name = "Pods-Salsette.release.xcconfig"; path = "Pods/Target Support Files/Pods-Salsette/Pods-Salsette.release.xcconfig"; sourceTree = "<group>"; };
		A26ECBEDA3D5B5A569304D7F /* Pods-Salsette.debug.xcconfig */ = {isa = PBXFileReference; includeInIndex = 1; lastKnownFileType = text.xcconfig; name = "Pods-Salsette.debug.xcconfig"; path = "Pods/Target Support Files/Pods-Salsette/Pods-Salsette.debug.xcconfig"; sourceTree = "<group>"; };
		E4A7EBEAF4AC4F4083A3DDE9 /* Pods_Salsette.framework */ = {isa = PBXFileReference; explicitFileType = wrapper.framework; includeInIndex = 0; path = Pods_Salsette.framework; sourceTree = BUILT_PRODUCTS_DIR; };
		FB136E681E989EEA00A5F1E4 /* Auth0Manager.swift */ = {isa = PBXFileReference; fileEncoding = 4; lastKnownFileType = sourcecode.swift; path = Auth0Manager.swift; sourceTree = "<group>"; };
		FB136E6A1E989FCA00A5F1E4 /* UIAlertController+Loading.swift */ = {isa = PBXFileReference; fileEncoding = 4; lastKnownFileType = sourcecode.swift; path = "UIAlertController+Loading.swift"; sourceTree = "<group>"; };
		FB420F2C1EA5138F0022380D /* CreateEventViewController.swift */ = {isa = PBXFileReference; fileEncoding = 4; lastKnownFileType = sourcecode.swift; path = CreateEventViewController.swift; sourceTree = "<group>"; };
		FB420F2E1EA7AA830022380D /* FacebookService.swift */ = {isa = PBXFileReference; fileEncoding = 4; lastKnownFileType = sourcecode.swift; path = FacebookService.swift; sourceTree = "<group>"; };
		FB6756C41EB45E6600B2E4D5 /* SearchTutorial.swift */ = {isa = PBXFileReference; fileEncoding = 4; lastKnownFileType = sourcecode.swift; name = SearchTutorial.swift; path = CityGuide/SearchTutorial.swift; sourceTree = "<group>"; };
		FB6756C61EB45E6600B2E4D5 /* HomeCell.swift */ = {isa = PBXFileReference; fileEncoding = 4; lastKnownFileType = sourcecode.swift; name = HomeCell.swift; path = CityGuide/HomeCell.swift; sourceTree = "<group>"; };
		FB6756C81EB45E6600B2E4D5 /* EventViewController.swift */ = {isa = PBXFileReference; fileEncoding = 4; lastKnownFileType = sourcecode.swift; name = EventViewController.swift; path = CityGuide/EventViewController.swift; sourceTree = "<group>"; };
		FB6756CE1EB45EDF00B2E4D5 /* Salsette.xcassets */ = {isa = PBXFileReference; lastKnownFileType = folder.assetcatalog; name = Salsette.xcassets; path = CityGuide/Salsette.xcassets; sourceTree = "<group>"; };
		FB6756D01EB45FFC00B2E4D5 /* UIView+Hero.swift */ = {isa = PBXFileReference; fileEncoding = 4; lastKnownFileType = sourcecode.swift; path = "UIView+Hero.swift"; sourceTree = "<group>"; };
		FB6D92071EBBD26900025CD8 /* PickerLabel.swift */ = {isa = PBXFileReference; fileEncoding = 4; lastKnownFileType = sourcecode.swift; path = PickerLabel.swift; sourceTree = "<group>"; };
		FB6D92091EBBD97300025CD8 /* WorkshopsEditViewController.swift */ = {isa = PBXFileReference; fileEncoding = 4; lastKnownFileType = sourcecode.swift; path = WorkshopsEditViewController.swift; sourceTree = "<group>"; };
		FB6D920B1EBBD9A100025CD8 /* ScheduleEditViewController.swift */ = {isa = PBXFileReference; fileEncoding = 4; lastKnownFileType = sourcecode.swift; path = ScheduleEditViewController.swift; sourceTree = "<group>"; };
		FBB7DFBB1EA8A8DE006C0D54 /* SelectFacebookEventInteractor.swift */ = {isa = PBXFileReference; fileEncoding = 4; lastKnownFileType = sourcecode.swift; path = SelectFacebookEventInteractor.swift; sourceTree = "<group>"; };
		FBD9E0BC1FACC29800D8ADF1 /* codegen.md */ = {isa = PBXFileReference; fileEncoding = 4; lastKnownFileType = net.daringfireball.markdown; path = codegen.md; sourceTree = "<group>"; };
		FBF5A9C11E959FA0000CED7A /* GraphManager.swift */ = {isa = PBXFileReference; fileEncoding = 4; lastKnownFileType = sourcecode.swift; path = GraphManager.swift; sourceTree = "<group>"; };
		FBF5A9C51E977810000CED7A /* KeychainStorage.swift */ = {isa = PBXFileReference; fileEncoding = 4; lastKnownFileType = sourcecode.swift; path = KeychainStorage.swift; sourceTree = "<group>"; };
/* End PBXFileReference section */

/* Begin PBXFrameworksBuildPhase section */
		1089BF7B1E708553006E091A /* Frameworks */ = {
			isa = PBXFrameworksBuildPhase;
			buildActionMask = 2147483647;
			files = (
				0451611E9933FDA98F22AA50 /* Pods_Salsette.framework in Frameworks */,
			);
			runOnlyForDeploymentPostprocessing = 0;
		};
		1089BF8F1E708553006E091A /* Frameworks */ = {
			isa = PBXFrameworksBuildPhase;
			buildActionMask = 2147483647;
			files = (
			);
			runOnlyForDeploymentPostprocessing = 0;
		};
/* End PBXFrameworksBuildPhase section */

/* Begin PBXGroup section */
		1033E52C1E75A955002D1615 /* Search */ = {
			isa = PBXGroup;
			children = (
				10C705D52014BB0600D90B6B /* Location */,
				1089BF831E708553006E091A /* SearchViewController.swift */,
				10FCD6E91FC056B000856889 /* SearchPresenter.swift */,
				10ACDD781EFE7E09007B6F1A /* SearchInteractor.swift */,
				10D3EB8E1FFAD30A00E3CC78 /* SearchParameters.swift */,
				10964C441E82E66300CDFE3F /* DummySearchDatSource.swift */,
				106306B31E8CE3BF0089DA00 /* ContentEntity.swift */,
				108D142C1F102E5C0056749B /* SearchResultsCollectionViewLayout.swift */,
				10ACDD7C1F02E529007B6F1A /* Results */,
				10ACDD7D1F02E655007B6F1A /* Calendar */,
			);
			name = Search;
			sourceTree = "<group>";
		};
		1033E54E1E75C7A0002D1615 /* Extensions */ = {
			isa = PBXGroup;
			children = (
				1053CA091EF46C370034844A /* Array.swift */,
				10B9AF771E7E96870033A6BF /* CGSize+Additions.swift */,
				10AD82301EF5C83A0060F020 /* Date.swift */,
				1068D2D91FCCAD3D005A9A95 /* NSError.swift */,
				1033E5511E75C7AA002D1615 /* String.swift */,
				FB136E6A1E989FCA00A5F1E4 /* UIAlertController+Loading.swift */,
				108D142E1F102EF90056749B /* UICollectionViewFlowLayout.swift */,
				1033E5431E75AAB3002D1615 /* UIFont+Appfonts.swift */,
				10B9AF751E7DA2900033A6BF /* UImage+Additions.swift */,
				10ACDD7A1F02E310007B6F1A /* UINavigationController.swift */,
				10D733421E728E7600F47A52 /* UIStoryboard+Functions.swift */,
				FB6756D01EB45FFC00B2E4D5 /* UIView+Hero.swift */,
			);
			name = Extensions;
			sourceTree = "<group>";
		};
		104A1A141F547CB5001A111B /* GraphQL */ = {
			isa = PBXGroup;
			children = (
				10D7CEBD1FDCA94600E71EBB /* GraphModel.swift */,
				FBF5A9C11E959FA0000CED7A /* GraphManager.swift */,
				106EB0271E94636E004686B5 /* API.swift */,
				FBD9E0BC1FACC29800D8ADF1 /* codegen.md */,
				104A1A171F547F5B001A111B /* schema.json */,
				106EB02B1E94661A004686B5 /* CurrentUser.graphql */,
				104A1A151F547D1E001A111B /* Events.graphql */,
			);
			name = GraphQL;
			sourceTree = "<group>";
		};
		10662C2F1ECD7B36009A220F /* Resources */ = {
			isa = PBXGroup;
			children = (
				FB6756CE1EB45EDF00B2E4D5 /* Salsette.xcassets */,
				1089BF881E708553006E091A /* Assets.xcassets */,
				1033E54A1E75AB21002D1615 /* Main.storyboard */,
				1089BF8A1E708553006E091A /* LaunchScreen.storyboard */,
				1089BF8D1E708553006E091A /* Info.plist */,
				106EAF431E94333D004686B5 /* Auth0.plist */,
				109AFB581E8F98B500E424F6 /* Salsette.entitlements */,
				1033E5551E79C2C4002D1615 /* Objc-Bridge-Header.h */,
			);
			name = Resources;
			sourceTree = "<group>";
		};
		106EAF3C1E92E394004686B5 /* Services */ = {
			isa = PBXGroup;
			children = (
				10FDAA6D1FDD66530023800E /* Facebook */,
				104A1A141F547CB5001A111B /* GraphQL */,
				FB136E681E989EEA00A5F1E4 /* Auth0Manager.swift */,
				FBF5A9C51E977810000CED7A /* KeychainStorage.swift */,
				106EAF3D1E92E3B1004686B5 /* ImageDownloader.swift */,
			);
			name = Services;
			sourceTree = "<group>";
		};
		1089BF751E708553006E091A = {
			isa = PBXGroup;
			children = (
				1089BF801E708553006E091A /* Salsette */,
				1089BF951E708553006E091A /* SalsetteTests */,
				1089BF7F1E708553006E091A /* Products */,
				4CEF28E96403B60C28B1613B /* Pods */,
				C2AFA80863CEB3978B100868 /* Frameworks */,
			);
			sourceTree = "<group>";
		};
		1089BF7F1E708553006E091A /* Products */ = {
			isa = PBXGroup;
			children = (
				1089BF7E1E708553006E091A /* Salsette.app */,
				1089BF921E708553006E091A /* SalsetteTests.xctest */,
			);
			name = Products;
			sourceTree = "<group>";
		};
		1089BF801E708553006E091A /* Salsette */ = {
			isa = PBXGroup;
			children = (
				1033E54E1E75C7A0002D1615 /* Extensions */,
				10D8D8661ED9DB48008A5A76 /* Additions */,
				1089BF811E708553006E091A /* AppDelegate.swift */,
				106EAF3C1E92E394004686B5 /* Services */,
				1033E52C1E75A955002D1615 /* Search */,
				FB08BD021E94EE6000686193 /* Profile */,
				FB420F2B1EA4DF900022380D /* Create Event */,
				10662C2F1ECD7B36009A220F /* Resources */,
			);
			path = Salsette;
			sourceTree = "<group>";
		};
		1089BF951E708553006E091A /* SalsetteTests */ = {
			isa = PBXGroup;
			children = (
				1089BF981E708553006E091A /* Info.plist */,
			);
			path = SalsetteTests;
			sourceTree = "<group>";
		};
		10ACDD7C1F02E529007B6F1A /* Results */ = {
			isa = PBXGroup;
			children = (
				FB6756C41EB45E6600B2E4D5 /* SearchTutorial.swift */,
				FB6756C61EB45E6600B2E4D5 /* HomeCell.swift */,
				FB6756C81EB45E6600B2E4D5 /* EventViewController.swift */,
			);
			name = Results;
			sourceTree = "<group>";
		};
		10ACDD7D1F02E655007B6F1A /* Calendar */ = {
			isa = PBXGroup;
			children = (
				1033E52A1E7589BA002D1615 /* Calendar.swift */,
				106306AD1E8B951C0089DA00 /* Calendar.xib */,
				1033E5561E79CA44002D1615 /* Calendar.xcassets */,
			);
			name = Calendar;
			sourceTree = "<group>";
		};
		10C705D52014BB0600D90B6B /* Location */ = {
			isa = PBXGroup;
			children = (
				10C705D32014BAF100D90B6B /* SearchController.swift */,
				10145820201BA91B00198F70 /* LocationSearchViewController.swift */,
				10986843201BD7D400C571F2 /* LocationRefineViewController.swift */,
			);
			path = Location;
			sourceTree = "<group>";
		};
		10D8D8661ED9DB48008A5A76 /* Additions */ = {
			isa = PBXGroup;
			children = (
				106EAF3A1E92DFA8004686B5 /* DateFormatters.swift */,
				10D8D8671ED9DCAE008A5A76 /* InputAccessoryView.swift */,
				10D8D8691ED9E489008A5A76 /* InputAccessoryView.xib */,
				106EAF3F1E93200D004686B5 /* SwiftyJSON.swift */,
				10D8D8641ED9DB3B008A5A76 /* PassThroughView.swift */,
				FB6D92071EBBD26900025CD8 /* PickerLabel.swift */,
			);
			name = Additions;
			sourceTree = "<group>";
		};
		10D8D86D1EE0E26A008A5A76 /* Workshops */ = {
			isa = PBXGroup;
			children = (
				FB6D92091EBBD97300025CD8 /* WorkshopsEditViewController.swift */,
				1053CA071EF261230034844A /* SwappingCollectionView.swift */,
				10D8D86B1EE0D0F6008A5A76 /* WorkshopsLayout.swift */,
				1053CA0C1EF52D7E0034844A /* WorkshopCells.swift */,
				10BE40AB1EE31E58006D3DAC /* CreateWorkshopViewController.swift */,
			);
			name = Workshops;
			sourceTree = "<group>";
		};
		10FDAA6D1FDD66530023800E /* Facebook */ = {
			isa = PBXGroup;
			children = (
				10FDAA6B1FDD66280023800E /* FacebookEventEntity.swift */,
				109AFB5B1E902EA700E424F6 /* FacebookPermissions.swift */,
				FB420F2E1EA7AA830022380D /* FacebookService.swift */,
			);
			name = Facebook;
			sourceTree = "<group>";
		};
		4CEF28E96403B60C28B1613B /* Pods */ = {
			isa = PBXGroup;
			children = (
				A26ECBEDA3D5B5A569304D7F /* Pods-Salsette.debug.xcconfig */,
				3116C0615A92BACF892E9C63 /* Pods-Salsette.release.xcconfig */,
			);
			name = Pods;
			sourceTree = "<group>";
		};
		C2AFA80863CEB3978B100868 /* Frameworks */ = {
			isa = PBXGroup;
			children = (
				E4A7EBEAF4AC4F4083A3DDE9 /* Pods_Salsette.framework */,
			);
			name = Frameworks;
			sourceTree = "<group>";
		};
		FB08BD021E94EE6000686193 /* Profile */ = {
			isa = PBXGroup;
			children = (
				106306BB1E8E99600089DA00 /* ProfileViewController.swift */,
				10DA93221EAA00C10054F338 /* ProfileInteractor.swift */,
				10FCD6EB1FC1952A00856889 /* GraphCreateAccountViewController.swift */,
				10DA93241EAA08B40054F338 /* UserCells.swift */,
				FBB7DFBB1EA8A8DE006C0D54 /* SelectFacebookEventInteractor.swift */,
			);
			name = Profile;
			sourceTree = "<group>";
		};
		FB420F2B1EA4DF900022380D /* Create Event */ = {
			isa = PBXGroup;
			children = (
				FB420F2C1EA5138F0022380D /* CreateEventViewController.swift */,
				103A90D61F77EBB60092863B /* CreateEventPresenter.swift */,
				100038801F546FCB003CA1BC /* CreateEventInteractor.swift */,
				10D8D86D1EE0E26A008A5A76 /* Workshops */,
				FB6D920B1EBBD9A100025CD8 /* ScheduleEditViewController.swift */,
			);
			name = "Create Event";
			sourceTree = "<group>";
		};
/* End PBXGroup section */

/* Begin PBXNativeTarget section */
		1089BF7D1E708553006E091A /* Salsette */ = {
			isa = PBXNativeTarget;
			buildConfigurationList = 1089BF9B1E708554006E091A /* Build configuration list for PBXNativeTarget "Salsette" */;
			buildPhases = (
				686C8561308FB2E9E6F4CA7B /* [CP] Check Pods Manifest.lock */,
				106EB0201E945144004686B5 /* Generate Apollo GraphQL API */,
				1089BF7A1E708553006E091A /* Sources */,
				1089BF7B1E708553006E091A /* Frameworks */,
				1089BF7C1E708553006E091A /* Resources */,
				78FB332136A44D9008D033B6 /* [CP] Embed Pods Frameworks */,
				A18D88349D3DB1639B753F32 /* [CP] Copy Pods Resources */,
			);
			buildRules = (
			);
			dependencies = (
			);
			name = Salsette;
			productName = Salsette;
			productReference = 1089BF7E1E708553006E091A /* Salsette.app */;
			productType = "com.apple.product-type.application";
		};
		1089BF911E708553006E091A /* SalsetteTests */ = {
			isa = PBXNativeTarget;
			buildConfigurationList = 1089BF9E1E708554006E091A /* Build configuration list for PBXNativeTarget "SalsetteTests" */;
			buildPhases = (
				1089BF8E1E708553006E091A /* Sources */,
				1089BF8F1E708553006E091A /* Frameworks */,
				1089BF901E708553006E091A /* Resources */,
			);
			buildRules = (
			);
			dependencies = (
				1089BF941E708553006E091A /* PBXTargetDependency */,
			);
			name = SalsetteTests;
			productName = SalsetteTests;
			productReference = 1089BF921E708553006E091A /* SalsetteTests.xctest */;
			productType = "com.apple.product-type.bundle.unit-test";
		};
/* End PBXNativeTarget section */

/* Begin PBXProject section */
		1089BF761E708553006E091A /* Project object */ = {
			isa = PBXProject;
			attributes = {
				LastSwiftUpdateCheck = 0820;
				LastUpgradeCheck = 0900;
				ORGANIZATIONNAME = "Marton Kerekes";
				TargetAttributes = {
					1089BF7D1E708553006E091A = {
						CreatedOnToolsVersion = 8.2.1;
						DevelopmentTeam = HQQ63777MM;
						LastSwiftMigration = 0900;
						ProvisioningStyle = Automatic;
						SystemCapabilities = {
							com.apple.Keychain = {
								enabled = 1;
							};
						};
					};
					1089BF911E708553006E091A = {
						CreatedOnToolsVersion = 8.2.1;
						DevelopmentTeam = HQQ63777MM;
						LastSwiftMigration = 0900;
						ProvisioningStyle = Automatic;
						TestTargetID = 1089BF7D1E708553006E091A;
					};
				};
			};
			buildConfigurationList = 1089BF791E708553006E091A /* Build configuration list for PBXProject "Salsette" */;
			compatibilityVersion = "Xcode 3.2";
			developmentRegion = English;
			hasScannedForEncodings = 0;
			knownRegions = (
				en,
				Base,
			);
			mainGroup = 1089BF751E708553006E091A;
			productRefGroup = 1089BF7F1E708553006E091A /* Products */;
			projectDirPath = "";
			projectRoot = "";
			targets = (
				1089BF7D1E708553006E091A /* Salsette */,
				1089BF911E708553006E091A /* SalsetteTests */,
			);
		};
/* End PBXProject section */

/* Begin PBXResourcesBuildPhase section */
		1089BF7C1E708553006E091A /* Resources */ = {
			isa = PBXResourcesBuildPhase;
			buildActionMask = 2147483647;
			files = (
				104A1A161F547D1E001A111B /* Events.graphql in Resources */,
				1033E54B1E75AB21002D1615 /* Main.storyboard in Resources */,
				1089BF8C1E708553006E091A /* LaunchScreen.storyboard in Resources */,
				1089BF891E708553006E091A /* Assets.xcassets in Resources */,
				FB6756CF1EB45EDF00B2E4D5 /* Salsette.xcassets in Resources */,
				106EB02C1E94661A004686B5 /* CurrentUser.graphql in Resources */,
				104A1A181F547F5B001A111B /* schema.json in Resources */,
				106EAF441E94333E004686B5 /* Auth0.plist in Resources */,
				106306AE1E8B951C0089DA00 /* Calendar.xib in Resources */,
				10D8D86A1ED9E489008A5A76 /* InputAccessoryView.xib in Resources */,
				1033E5571E79CA44002D1615 /* Calendar.xcassets in Resources */,
			);
			runOnlyForDeploymentPostprocessing = 0;
		};
		1089BF901E708553006E091A /* Resources */ = {
			isa = PBXResourcesBuildPhase;
			buildActionMask = 2147483647;
			files = (
			);
			runOnlyForDeploymentPostprocessing = 0;
		};
/* End PBXResourcesBuildPhase section */

/* Begin PBXShellScriptBuildPhase section */
		106EB0201E945144004686B5 /* Generate Apollo GraphQL API */ = {
			isa = PBXShellScriptBuildPhase;
			buildActionMask = 2147483647;
			files = (
			);
			inputPaths = (
			);
			name = "Generate Apollo GraphQL API";
			outputPaths = (
			);
			runOnlyForDeploymentPostprocessing = 0;
			shellPath = /bin/sh;
			shellScript = "APOLLO_FRAMEWORK_PATH=\"$(eval find $FRAMEWORK_SEARCH_PATHS -name \"Apollo.framework\" -maxdepth 1)\"\nif [ -z \"$APOLLO_FRAMEWORK_PATH\" ]; then\necho \"error: Couldn't find Apollo.framework in FRAMEWORK_SEARCH_PATHS; make sure to add the framework to your project.\"\nexit 1\nfi\ncd \"${SRCROOT}/${TARGET_NAME}\"\n\necho \"++++\"\necho | find . -name '*.graphql'\n$APOLLO_FRAMEWORK_PATH/check-and-run-apollo-codegen.sh generate $(find . -name '*.graphql') --schema schema.json --output API.swift";
		};
		686C8561308FB2E9E6F4CA7B /* [CP] Check Pods Manifest.lock */ = {
			isa = PBXShellScriptBuildPhase;
			buildActionMask = 2147483647;
			files = (
			);
			inputPaths = (
				"${PODS_PODFILE_DIR_PATH}/Podfile.lock",
				"${PODS_ROOT}/Manifest.lock",
			);
			name = "[CP] Check Pods Manifest.lock";
			outputPaths = (
				"$(DERIVED_FILE_DIR)/Pods-Salsette-checkManifestLockResult.txt",
			);
			runOnlyForDeploymentPostprocessing = 0;
			shellPath = /bin/sh;
			shellScript = "diff \"${PODS_PODFILE_DIR_PATH}/Podfile.lock\" \"${PODS_ROOT}/Manifest.lock\" > /dev/null\nif [ $? != 0 ] ; then\n    # print error to STDERR\n    echo \"error: The sandbox is not in sync with the Podfile.lock. Run 'pod install' or update your CocoaPods installation.\" >&2\n    exit 1\nfi\n# This output is used by Xcode 'outputs' to avoid re-running this script phase.\necho \"SUCCESS\" > \"${SCRIPT_OUTPUT_FILE_0}\"\n";
			showEnvVarsInLog = 0;
		};
		78FB332136A44D9008D033B6 /* [CP] Embed Pods Frameworks */ = {
			isa = PBXShellScriptBuildPhase;
			buildActionMask = 2147483647;
			files = (
			);
			inputPaths = (
				"${SRCROOT}/Pods/Target Support Files/Pods-Salsette/Pods-Salsette-frameworks.sh",
				"${BUILT_PRODUCTS_DIR}/Apollo/Apollo.framework",
				"${BUILT_PRODUCTS_DIR}/Auth0/Auth0.framework",
				"${BUILT_PRODUCTS_DIR}/Bolts/Bolts.framework",
				"${BUILT_PRODUCTS_DIR}/ChameleonFramework/ChameleonFramework.framework",
				"${BUILT_PRODUCTS_DIR}/DZNEmptyDataSet/DZNEmptyDataSet.framework",
				"${BUILT_PRODUCTS_DIR}/FBSDKCoreKit/FBSDKCoreKit.framework",
				"${BUILT_PRODUCTS_DIR}/FBSDKLoginKit/FBSDKLoginKit.framework",
				"${BUILT_PRODUCTS_DIR}/FSCalendar/FSCalendar.framework",
				"${BUILT_PRODUCTS_DIR}/SimpleKeychain/SimpleKeychain.framework",
				"${BUILT_PRODUCTS_DIR}/TextFieldEffects/TextFieldEffects.framework",
			);
			name = "[CP] Embed Pods Frameworks";
			outputPaths = (
				"${TARGET_BUILD_DIR}/${FRAMEWORKS_FOLDER_PATH}/Apollo.framework",
				"${TARGET_BUILD_DIR}/${FRAMEWORKS_FOLDER_PATH}/Auth0.framework",
				"${TARGET_BUILD_DIR}/${FRAMEWORKS_FOLDER_PATH}/Bolts.framework",
				"${TARGET_BUILD_DIR}/${FRAMEWORKS_FOLDER_PATH}/ChameleonFramework.framework",
				"${TARGET_BUILD_DIR}/${FRAMEWORKS_FOLDER_PATH}/DZNEmptyDataSet.framework",
				"${TARGET_BUILD_DIR}/${FRAMEWORKS_FOLDER_PATH}/FBSDKCoreKit.framework",
				"${TARGET_BUILD_DIR}/${FRAMEWORKS_FOLDER_PATH}/FBSDKLoginKit.framework",
				"${TARGET_BUILD_DIR}/${FRAMEWORKS_FOLDER_PATH}/FSCalendar.framework",
				"${TARGET_BUILD_DIR}/${FRAMEWORKS_FOLDER_PATH}/SimpleKeychain.framework",
				"${TARGET_BUILD_DIR}/${FRAMEWORKS_FOLDER_PATH}/TextFieldEffects.framework",
			);
			runOnlyForDeploymentPostprocessing = 0;
			shellPath = /bin/sh;
			shellScript = "\"${SRCROOT}/Pods/Target Support Files/Pods-Salsette/Pods-Salsette-frameworks.sh\"\n";
			showEnvVarsInLog = 0;
		};
		A18D88349D3DB1639B753F32 /* [CP] Copy Pods Resources */ = {
			isa = PBXShellScriptBuildPhase;
			buildActionMask = 2147483647;
			files = (
			);
			inputPaths = (
			);
			name = "[CP] Copy Pods Resources";
			outputPaths = (
			);
			runOnlyForDeploymentPostprocessing = 0;
			shellPath = /bin/sh;
			shellScript = "\"${SRCROOT}/Pods/Target Support Files/Pods-Salsette/Pods-Salsette-resources.sh\"\n";
			showEnvVarsInLog = 0;
		};
/* End PBXShellScriptBuildPhase section */

/* Begin PBXSourcesBuildPhase section */
		1089BF7A1E708553006E091A /* Sources */ = {
			isa = PBXSourcesBuildPhase;
			buildActionMask = 2147483647;
			files = (
				FBB7DFBC1EA8A8DE006C0D54 /* SelectFacebookEventInteractor.swift in Sources */,
				10FDAA6C1FDD66280023800E /* FacebookEventEntity.swift in Sources */,
				10BE40AC1EE31E58006D3DAC /* CreateWorkshopViewController.swift in Sources */,
				FB6D920A1EBBD97300025CD8 /* WorkshopsEditViewController.swift in Sources */,
				108D142F1F102EF90056749B /* UICollectionViewFlowLayout.swift in Sources */,
				FBF5A9C61E977810000CED7A /* KeychainStorage.swift in Sources */,
				1033E5541E75C7AA002D1615 /* String.swift in Sources */,
				106306BC1E8E99600089DA00 /* ProfileViewController.swift in Sources */,
				10C705D42014BAF100D90B6B /* SearchController.swift in Sources */,
				10ACDD7B1F02E310007B6F1A /* UINavigationController.swift in Sources */,
				1053CA0D1EF52D7E0034844A /* WorkshopCells.swift in Sources */,
				FB420F2D1EA5138F0022380D /* CreateEventViewController.swift in Sources */,
				FB136E6B1E989FCA00A5F1E4 /* UIAlertController+Loading.swift in Sources */,
				1053CA0A1EF46C370034844A /* Array.swift in Sources */,
				106EB0281E94636E004686B5 /* API.swift in Sources */,
				10B9AF761E7DA2900033A6BF /* UImage+Additions.swift in Sources */,
				10145821201BA91B00198F70 /* LocationSearchViewController.swift in Sources */,
				10DA93231EAA00C10054F338 /* ProfileInteractor.swift in Sources */,
				10D733431E728E7600F47A52 /* UIStoryboard+Functions.swift in Sources */,
				FBF5A9C21E959FA0000CED7A /* GraphManager.swift in Sources */,
				FB6756D11EB45FFC00B2E4D5 /* UIView+Hero.swift in Sources */,
				10D3EB8F1FFAD30A00E3CC78 /* SearchParameters.swift in Sources */,
				1033E52B1E7589BA002D1615 /* Calendar.swift in Sources */,
				10AD82311EF5C83A0060F020 /* Date.swift in Sources */,
				103A90D71F77EBB60092863B /* CreateEventPresenter.swift in Sources */,
				FB6D920C1EBBD9A100025CD8 /* ScheduleEditViewController.swift in Sources */,
				FB420F2F1EA7AA830022380D /* FacebookService.swift in Sources */,
				FB136E691E989EEA00A5F1E4 /* Auth0Manager.swift in Sources */,
				10ACDD791EFE7E09007B6F1A /* SearchInteractor.swift in Sources */,
				FB6756CB1EB45E6600B2E4D5 /* HomeCell.swift in Sources */,
				10D8D86C1EE0D0F6008A5A76 /* WorkshopsLayout.swift in Sources */,
				106306B41E8CE3BF0089DA00 /* ContentEntity.swift in Sources */,
				1068D2DA1FCCAD3D005A9A95 /* NSError.swift in Sources */,
				106EAF401E93200D004686B5 /* SwiftyJSON.swift in Sources */,
				10B9AF781E7E96870033A6BF /* CGSize+Additions.swift in Sources */,
				106EAF3E1E92E3B1004686B5 /* ImageDownloader.swift in Sources */,
				10D8D8651ED9DB3B008A5A76 /* PassThroughView.swift in Sources */,
				108D142D1F102E5C0056749B /* SearchResultsCollectionViewLayout.swift in Sources */,
				106EAF3B1E92DFA8004686B5 /* DateFormatters.swift in Sources */,
				FB6756CD1EB45E6600B2E4D5 /* EventViewController.swift in Sources */,
				10FCD6EA1FC056B000856889 /* SearchPresenter.swift in Sources */,
				FB6D92081EBBD26900025CD8 /* PickerLabel.swift in Sources */,
				10986844201BD7D400C571F2 /* LocationRefineViewController.swift in Sources */,
				10DA93251EAA08B40054F338 /* UserCells.swift in Sources */,
				100038811F546FCB003CA1BC /* CreateEventInteractor.swift in Sources */,
				10D8D8681ED9DCAE008A5A76 /* InputAccessoryView.swift in Sources */,
				1089BF841E708553006E091A /* SearchViewController.swift in Sources */,
				1089BF821E708553006E091A /* AppDelegate.swift in Sources */,
				10D7CEBE1FDCA94600E71EBB /* GraphModel.swift in Sources */,
				10964C451E82E66300CDFE3F /* DummySearchDatSource.swift in Sources */,
				109AFB5C1E902EA700E424F6 /* FacebookPermissions.swift in Sources */,
				1033E5441E75AAB3002D1615 /* UIFont+Appfonts.swift in Sources */,
				1053CA081EF261230034844A /* SwappingCollectionView.swift in Sources */,
				FB6756C91EB45E6600B2E4D5 /* SearchTutorial.swift in Sources */,
				10FCD6EC1FC1952A00856889 /* GraphCreateAccountViewController.swift in Sources */,
			);
			runOnlyForDeploymentPostprocessing = 0;
		};
		1089BF8E1E708553006E091A /* Sources */ = {
			isa = PBXSourcesBuildPhase;
			buildActionMask = 2147483647;
			files = (
			);
			runOnlyForDeploymentPostprocessing = 0;
		};
/* End PBXSourcesBuildPhase section */

/* Begin PBXTargetDependency section */
		1089BF941E708553006E091A /* PBXTargetDependency */ = {
			isa = PBXTargetDependency;
			target = 1089BF7D1E708553006E091A /* Salsette */;
			targetProxy = 1089BF931E708553006E091A /* PBXContainerItemProxy */;
		};
/* End PBXTargetDependency section */

/* Begin PBXVariantGroup section */
		1089BF8A1E708553006E091A /* LaunchScreen.storyboard */ = {
			isa = PBXVariantGroup;
			children = (
				1089BF8B1E708553006E091A /* Base */,
			);
			name = LaunchScreen.storyboard;
			sourceTree = "<group>";
		};
/* End PBXVariantGroup section */

/* Begin XCBuildConfiguration section */
		1089BF991E708553006E091A /* Debug */ = {
			isa = XCBuildConfiguration;
			buildSettings = {
				ALWAYS_SEARCH_USER_PATHS = NO;
				CLANG_ANALYZER_NONNULL = YES;
				CLANG_CXX_LANGUAGE_STANDARD = "gnu++0x";
				CLANG_CXX_LIBRARY = "libc++";
				CLANG_ENABLE_MODULES = YES;
				CLANG_ENABLE_OBJC_ARC = YES;
				CLANG_WARN_BLOCK_CAPTURE_AUTORELEASING = YES;
				CLANG_WARN_BOOL_CONVERSION = YES;
				CLANG_WARN_COMMA = YES;
				CLANG_WARN_CONSTANT_CONVERSION = YES;
				CLANG_WARN_DIRECT_OBJC_ISA_USAGE = YES_ERROR;
				CLANG_WARN_DOCUMENTATION_COMMENTS = YES;
				CLANG_WARN_EMPTY_BODY = YES;
				CLANG_WARN_ENUM_CONVERSION = YES;
				CLANG_WARN_INFINITE_RECURSION = YES;
				CLANG_WARN_INT_CONVERSION = YES;
				CLANG_WARN_NON_LITERAL_NULL_CONVERSION = YES;
				CLANG_WARN_OBJC_LITERAL_CONVERSION = YES;
				CLANG_WARN_OBJC_ROOT_CLASS = YES_ERROR;
				CLANG_WARN_RANGE_LOOP_ANALYSIS = YES;
				CLANG_WARN_STRICT_PROTOTYPES = YES;
				CLANG_WARN_SUSPICIOUS_MOVE = YES;
				CLANG_WARN_UNREACHABLE_CODE = YES;
				CLANG_WARN__DUPLICATE_METHOD_MATCH = YES;
				"CODE_SIGN_IDENTITY[sdk=iphoneos*]" = "iPhone Developer";
				COPY_PHASE_STRIP = NO;
				DEBUG_INFORMATION_FORMAT = dwarf;
				ENABLE_STRICT_OBJC_MSGSEND = YES;
				ENABLE_TESTABILITY = YES;
				GCC_C_LANGUAGE_STANDARD = gnu99;
				GCC_DYNAMIC_NO_PIC = NO;
				GCC_NO_COMMON_BLOCKS = YES;
				GCC_OPTIMIZATION_LEVEL = 0;
				GCC_PREPROCESSOR_DEFINITIONS = (
					"DEBUG=1",
					"$(inherited)",
				);
				GCC_WARN_64_TO_32_BIT_CONVERSION = YES;
				GCC_WARN_ABOUT_RETURN_TYPE = YES_ERROR;
				GCC_WARN_UNDECLARED_SELECTOR = YES;
				GCC_WARN_UNINITIALIZED_AUTOS = YES_AGGRESSIVE;
				GCC_WARN_UNUSED_FUNCTION = YES;
				GCC_WARN_UNUSED_VARIABLE = YES;
				IPHONEOS_DEPLOYMENT_TARGET = 11.0;
				MTL_ENABLE_DEBUG_INFO = YES;
				ONLY_ACTIVE_ARCH = YES;
				SDKROOT = iphoneos;
				SWIFT_ACTIVE_COMPILATION_CONDITIONS = DEBUG;
				SWIFT_OPTIMIZATION_LEVEL = "-Onone";
				SWIFT_VERSION = 4.0;
				TARGETED_DEVICE_FAMILY = "1,2";
			};
			name = Debug;
		};
		1089BF9A1E708554006E091A /* Release */ = {
			isa = XCBuildConfiguration;
			buildSettings = {
				ALWAYS_SEARCH_USER_PATHS = NO;
				CLANG_ANALYZER_NONNULL = YES;
				CLANG_CXX_LANGUAGE_STANDARD = "gnu++0x";
				CLANG_CXX_LIBRARY = "libc++";
				CLANG_ENABLE_MODULES = YES;
				CLANG_ENABLE_OBJC_ARC = YES;
				CLANG_WARN_BLOCK_CAPTURE_AUTORELEASING = YES;
				CLANG_WARN_BOOL_CONVERSION = YES;
				CLANG_WARN_COMMA = YES;
				CLANG_WARN_CONSTANT_CONVERSION = YES;
				CLANG_WARN_DIRECT_OBJC_ISA_USAGE = YES_ERROR;
				CLANG_WARN_DOCUMENTATION_COMMENTS = YES;
				CLANG_WARN_EMPTY_BODY = YES;
				CLANG_WARN_ENUM_CONVERSION = YES;
				CLANG_WARN_INFINITE_RECURSION = YES;
				CLANG_WARN_INT_CONVERSION = YES;
				CLANG_WARN_NON_LITERAL_NULL_CONVERSION = YES;
				CLANG_WARN_OBJC_LITERAL_CONVERSION = YES;
				CLANG_WARN_OBJC_ROOT_CLASS = YES_ERROR;
				CLANG_WARN_RANGE_LOOP_ANALYSIS = YES;
				CLANG_WARN_STRICT_PROTOTYPES = YES;
				CLANG_WARN_SUSPICIOUS_MOVE = YES;
				CLANG_WARN_UNREACHABLE_CODE = YES;
				CLANG_WARN__DUPLICATE_METHOD_MATCH = YES;
				"CODE_SIGN_IDENTITY[sdk=iphoneos*]" = "iPhone Developer";
				COPY_PHASE_STRIP = NO;
				DEBUG_INFORMATION_FORMAT = "dwarf-with-dsym";
				ENABLE_NS_ASSERTIONS = NO;
				ENABLE_STRICT_OBJC_MSGSEND = YES;
				GCC_C_LANGUAGE_STANDARD = gnu99;
				GCC_NO_COMMON_BLOCKS = YES;
				GCC_WARN_64_TO_32_BIT_CONVERSION = YES;
				GCC_WARN_ABOUT_RETURN_TYPE = YES_ERROR;
				GCC_WARN_UNDECLARED_SELECTOR = YES;
				GCC_WARN_UNINITIALIZED_AUTOS = YES_AGGRESSIVE;
				GCC_WARN_UNUSED_FUNCTION = YES;
				GCC_WARN_UNUSED_VARIABLE = YES;
				IPHONEOS_DEPLOYMENT_TARGET = 11.0;
				MTL_ENABLE_DEBUG_INFO = NO;
				SDKROOT = iphoneos;
				SWIFT_OPTIMIZATION_LEVEL = "-Owholemodule";
				SWIFT_VERSION = 4.0;
				TARGETED_DEVICE_FAMILY = "1,2";
				VALIDATE_PRODUCT = YES;
			};
			name = Release;
		};
		1089BF9C1E708554006E091A /* Debug */ = {
			isa = XCBuildConfiguration;
			baseConfigurationReference = A26ECBEDA3D5B5A569304D7F /* Pods-Salsette.debug.xcconfig */;
			buildSettings = {
				ALWAYS_EMBED_SWIFT_STANDARD_LIBRARIES = YES;
				ASSETCATALOG_COMPILER_APPICON_NAME = AppIcon;
				CODE_SIGN_ENTITLEMENTS = Salsette/Salsette.entitlements;
				DEVELOPMENT_TEAM = HQQ63777MM;
				INFOPLIST_FILE = Salsette/Info.plist;
				LD_RUNPATH_SEARCH_PATHS = "$(inherited) @executable_path/Frameworks";
				PRODUCT_BUNDLE_IDENTIFIER = com.mkerekes.salsette;
				PRODUCT_NAME = "$(TARGET_NAME)";
				SWIFT_SWIFT3_OBJC_INFERENCE = Default;
				SWIFT_VERSION = 4.0;
				TARGETED_DEVICE_FAMILY = "1,2";
			};
			name = Debug;
		};
		1089BF9D1E708554006E091A /* Release */ = {
			isa = XCBuildConfiguration;
			baseConfigurationReference = 3116C0615A92BACF892E9C63 /* Pods-Salsette.release.xcconfig */;
			buildSettings = {
				ALWAYS_EMBED_SWIFT_STANDARD_LIBRARIES = YES;
				ASSETCATALOG_COMPILER_APPICON_NAME = AppIcon;
				CODE_SIGN_ENTITLEMENTS = Salsette/Salsette.entitlements;
				DEVELOPMENT_TEAM = HQQ63777MM;
				INFOPLIST_FILE = Salsette/Info.plist;
				LD_RUNPATH_SEARCH_PATHS = "$(inherited) @executable_path/Frameworks";
				PRODUCT_BUNDLE_IDENTIFIER = com.mkerekes.salsette;
				PRODUCT_NAME = "$(TARGET_NAME)";
				SWIFT_SWIFT3_OBJC_INFERENCE = Default;
				SWIFT_VERSION = 4.0;
				TARGETED_DEVICE_FAMILY = "1,2";
			};
			name = Release;
		};
		1089BF9F1E708554006E091A /* Debug */ = {
			isa = XCBuildConfiguration;
			buildSettings = {
				ALWAYS_EMBED_SWIFT_STANDARD_LIBRARIES = YES;
				BUNDLE_LOADER = "$(TEST_HOST)";
				DEVELOPMENT_TEAM = HQQ63777MM;
				INFOPLIST_FILE = SalsetteTests/Info.plist;
				LD_RUNPATH_SEARCH_PATHS = "$(inherited) @executable_path/Frameworks @loader_path/Frameworks";
				PRODUCT_BUNDLE_IDENTIFIER = com.mk.SalsetteTests;
				PRODUCT_NAME = "$(TARGET_NAME)";
				SWIFT_SWIFT3_OBJC_INFERENCE = Default;
				SWIFT_VERSION = 4.0;
				TEST_HOST = "$(BUILT_PRODUCTS_DIR)/Salsette.app/Salsette";
			};
			name = Debug;
		};
		1089BFA01E708554006E091A /* Release */ = {
			isa = XCBuildConfiguration;
			buildSettings = {
				ALWAYS_EMBED_SWIFT_STANDARD_LIBRARIES = YES;
				BUNDLE_LOADER = "$(TEST_HOST)";
				DEVELOPMENT_TEAM = HQQ63777MM;
				INFOPLIST_FILE = SalsetteTests/Info.plist;
				LD_RUNPATH_SEARCH_PATHS = "$(inherited) @executable_path/Frameworks @loader_path/Frameworks";
				PRODUCT_BUNDLE_IDENTIFIER = com.mk.SalsetteTests;
				PRODUCT_NAME = "$(TARGET_NAME)";
				SWIFT_SWIFT3_OBJC_INFERENCE = Default;
				SWIFT_VERSION = 4.0;
				TEST_HOST = "$(BUILT_PRODUCTS_DIR)/Salsette.app/Salsette";
			};
			name = Release;
		};
/* End XCBuildConfiguration section */

/* Begin XCConfigurationList section */
		1089BF791E708553006E091A /* Build configuration list for PBXProject "Salsette" */ = {
			isa = XCConfigurationList;
			buildConfigurations = (
				1089BF991E708553006E091A /* Debug */,
				1089BF9A1E708554006E091A /* Release */,
			);
			defaultConfigurationIsVisible = 0;
			defaultConfigurationName = Release;
		};
		1089BF9B1E708554006E091A /* Build configuration list for PBXNativeTarget "Salsette" */ = {
			isa = XCConfigurationList;
			buildConfigurations = (
				1089BF9C1E708554006E091A /* Debug */,
				1089BF9D1E708554006E091A /* Release */,
			);
			defaultConfigurationIsVisible = 0;
			defaultConfigurationName = Release;
		};
		1089BF9E1E708554006E091A /* Build configuration list for PBXNativeTarget "SalsetteTests" */ = {
			isa = XCConfigurationList;
			buildConfigurations = (
				1089BF9F1E708554006E091A /* Debug */,
				1089BFA01E708554006E091A /* Release */,
			);
			defaultConfigurationIsVisible = 0;
			defaultConfigurationName = Release;
		};
/* End XCConfigurationList section */
	};
	rootObject = 1089BF761E708553006E091A /* Project object */;
}
